// !$*UTF8*$!
{
	archiveVersion = 1;
	classes = {
	};
	objectVersion = 56;
	objects = {

/* Begin PBXBuildFile section */
		E80E2C402C3F6C9000D35BE7 /* CurrencyUITextField.swift in Sources */ = {isa = PBXBuildFile; fileRef = E80E2C3F2C3F6C9000D35BE7 /* CurrencyUITextField.swift */; };
		E80E2C422C3F6CCF00D35BE7 /* CurrencyTextField.swift in Sources */ = {isa = PBXBuildFile; fileRef = E80E2C412C3F6CCF00D35BE7 /* CurrencyTextField.swift */; };
		E80E2C442C3F6D5300D35BE7 /* NumberFormatterProtocol.swift in Sources */ = {isa = PBXBuildFile; fileRef = E80E2C432C3F6D5300D35BE7 /* NumberFormatterProtocol.swift */; };
		E80E2C462C400B0800D35BE7 /* Schema.swift in Sources */ = {isa = PBXBuildFile; fileRef = E80E2C452C400B0800D35BE7 /* Schema.swift */; };
		E80E2C482C400BC400D35BE7 /* FoodItem.swift in Sources */ = {isa = PBXBuildFile; fileRef = E80E2C472C400BC400D35BE7 /* FoodItem.swift */; };
		E80E2C4A2C40157A00D35BE7 /* FoodItemView.swift in Sources */ = {isa = PBXBuildFile; fileRef = E80E2C492C40157A00D35BE7 /* FoodItemView.swift */; };
		E80E2C4C2C401AF300D35BE7 /* FoodItemEditor.swift in Sources */ = {isa = PBXBuildFile; fileRef = E80E2C4B2C401AF300D35BE7 /* FoodItemEditor.swift */; };
		E80E2C512C41C23200D35BE7 /* ScannerView.swift in Sources */ = {isa = PBXBuildFile; fileRef = E80E2C502C41C23200D35BE7 /* ScannerView.swift */; };
		E82CFBDA2C3F078D0055C6B2 /* MainView.swift in Sources */ = {isa = PBXBuildFile; fileRef = E82CFBD92C3F078D0055C6B2 /* MainView.swift */; };
		E82CFBDC2C3F0D990055C6B2 /* DbView.swift in Sources */ = {isa = PBXBuildFile; fileRef = E82CFBDB2C3F0D990055C6B2 /* DbView.swift */; };
		E860ACE22C3EFBE5007E65DE /* PersephoneApp.swift in Sources */ = {isa = PBXBuildFile; fileRef = E860ACE12C3EFBE5007E65DE /* PersephoneApp.swift */; };
		E860ACE82C3EFBE8007E65DE /* Assets.xcassets in Resources */ = {isa = PBXBuildFile; fileRef = E860ACE72C3EFBE8007E65DE /* Assets.xcassets */; };
		E860ACEB2C3EFBE8007E65DE /* Preview Assets.xcassets in Resources */ = {isa = PBXBuildFile; fileRef = E860ACEA2C3EFBE8007E65DE /* Preview Assets.xcassets */; };
		E860ACF52C3EFBE9007E65DE /* PersephoneTests.swift in Sources */ = {isa = PBXBuildFile; fileRef = E860ACF42C3EFBE9007E65DE /* PersephoneTests.swift */; };
		E860ACFF2C3EFBE9007E65DE /* PersephoneUITests.swift in Sources */ = {isa = PBXBuildFile; fileRef = E860ACFE2C3EFBE9007E65DE /* PersephoneUITests.swift */; };
		E860AD012C3EFBE9007E65DE /* PersephoneUITestsLaunchTests.swift in Sources */ = {isa = PBXBuildFile; fileRef = E860AD002C3EFBE9007E65DE /* PersephoneUITestsLaunchTests.swift */; };
		E8743B9D2C51FB0E00E1B871 /* SheetCoordinator.swift in Sources */ = {isa = PBXBuildFile; fileRef = E8743B9C2C51FB0E00E1B871 /* SheetCoordinator.swift */; };
		E8828ECF2C4F5154006C7CB3 /* Store.swift in Sources */ = {isa = PBXBuildFile; fileRef = E8828ECE2C4F5154006C7CB3 /* Store.swift */; };
		E8828ED12C4F529A006C7CB3 /* Food.swift in Sources */ = {isa = PBXBuildFile; fileRef = E8828ED02C4F529A006C7CB3 /* Food.swift */; };
		E8828ED32C4F543A006C7CB3 /* ShoppingList.swift in Sources */ = {isa = PBXBuildFile; fileRef = E8828ED22C4F543A006C7CB3 /* ShoppingList.swift */; };
		E8828ED52C4F5871006C7CB3 /* FoodIngredients.swift in Sources */ = {isa = PBXBuildFile; fileRef = E8828ED42C4F5871006C7CB3 /* FoodIngredients.swift */; };
		E8828ED72C502F37006C7CB3 /* FoodInstance.swift in Sources */ = {isa = PBXBuildFile; fileRef = E8828ED62C502F37006C7CB3 /* FoodInstance.swift */; };
		E8828ED92C5031F3006C7CB3 /* RecipeInstance.swift in Sources */ = {isa = PBXBuildFile; fileRef = E8828ED82C5031F3006C7CB3 /* RecipeInstance.swift */; };
		E8828EDC2C503550006C7CB3 /* LogEntry.swift in Sources */ = {isa = PBXBuildFile; fileRef = E8828EDB2C503550006C7CB3 /* LogEntry.swift */; };
		E8828EDE2C503BF5006C7CB3 /* PreviewHelpers.swift in Sources */ = {isa = PBXBuildFile; fileRef = E8828EDD2C503BF5006C7CB3 /* PreviewHelpers.swift */; };
		E8828EE32C50F78D006C7CB3 /* FoodDatabaseEndpoint.swift in Sources */ = {isa = PBXBuildFile; fileRef = E8828EE22C50F78D006C7CB3 /* FoodDatabaseEndpoint.swift */; };
		E8828EE52C50F85B006C7CB3 /* FoodDataCentralEndpoint.swift in Sources */ = {isa = PBXBuildFile; fileRef = E8828EE42C50F85B006C7CB3 /* FoodDataCentralEndpoint.swift */; };
		E8828EE72C5169E2006C7CB3 /* OpenFoodFactsEndpoint.swift in Sources */ = {isa = PBXBuildFile; fileRef = E8828EE62C5169E2006C7CB3 /* OpenFoodFactsEndpoint.swift */; };
		E8D72EED2C4381010053CA26 /* ScanFoodView.swift in Sources */ = {isa = PBXBuildFile; fileRef = E8D72EEC2C4381010053CA26 /* ScanFoodView.swift */; };
		E8D72EF12C463D3A0053CA26 /* Recipe.swift in Sources */ = {isa = PBXBuildFile; fileRef = E8D72EF02C463D3A0053CA26 /* Recipe.swift */; };
		E8D72EF32C4641840053CA26 /* CookbookView.swift in Sources */ = {isa = PBXBuildFile; fileRef = E8D72EF22C4641840053CA26 /* CookbookView.swift */; };
		E8D72EF52C470E1E0053CA26 /* RecipeEditor.swift in Sources */ = {isa = PBXBuildFile; fileRef = E8D72EF42C470E1E0053CA26 /* RecipeEditor.swift */; };
		E8D72EF72C478C620053CA26 /* RecipeView.swift in Sources */ = {isa = PBXBuildFile; fileRef = E8D72EF62C478C610053CA26 /* RecipeView.swift */; };
/* End PBXBuildFile section */

/* Begin PBXContainerItemProxy section */
		E860ACF12C3EFBE9007E65DE /* PBXContainerItemProxy */ = {
			isa = PBXContainerItemProxy;
			containerPortal = E860ACD62C3EFBE5007E65DE /* Project object */;
			proxyType = 1;
			remoteGlobalIDString = E860ACDD2C3EFBE5007E65DE;
			remoteInfo = Persephone;
		};
		E860ACFB2C3EFBE9007E65DE /* PBXContainerItemProxy */ = {
			isa = PBXContainerItemProxy;
			containerPortal = E860ACD62C3EFBE5007E65DE /* Project object */;
			proxyType = 1;
			remoteGlobalIDString = E860ACDD2C3EFBE5007E65DE;
			remoteInfo = Persephone;
		};
/* End PBXContainerItemProxy section */

/* Begin PBXFileReference section */
		E80E2C3F2C3F6C9000D35BE7 /* CurrencyUITextField.swift */ = {isa = PBXFileReference; lastKnownFileType = sourcecode.swift; path = CurrencyUITextField.swift; sourceTree = "<group>"; };
		E80E2C412C3F6CCF00D35BE7 /* CurrencyTextField.swift */ = {isa = PBXFileReference; lastKnownFileType = sourcecode.swift; path = CurrencyTextField.swift; sourceTree = "<group>"; };
		E80E2C432C3F6D5300D35BE7 /* NumberFormatterProtocol.swift */ = {isa = PBXFileReference; lastKnownFileType = sourcecode.swift; path = NumberFormatterProtocol.swift; sourceTree = "<group>"; };
		E80E2C452C400B0800D35BE7 /* Schema.swift */ = {isa = PBXFileReference; lastKnownFileType = sourcecode.swift; path = Schema.swift; sourceTree = "<group>"; };
		E80E2C472C400BC400D35BE7 /* FoodItem.swift */ = {isa = PBXFileReference; lastKnownFileType = sourcecode.swift; path = FoodItem.swift; sourceTree = "<group>"; };
		E80E2C492C40157A00D35BE7 /* FoodItemView.swift */ = {isa = PBXFileReference; lastKnownFileType = sourcecode.swift; path = FoodItemView.swift; sourceTree = "<group>"; };
		E80E2C4B2C401AF300D35BE7 /* FoodItemEditor.swift */ = {isa = PBXFileReference; lastKnownFileType = sourcecode.swift; path = FoodItemEditor.swift; sourceTree = "<group>"; };
		E80E2C4F2C41C00600D35BE7 /* Info.plist */ = {isa = PBXFileReference; lastKnownFileType = text.plist; path = Info.plist; sourceTree = "<group>"; };
		E80E2C502C41C23200D35BE7 /* ScannerView.swift */ = {isa = PBXFileReference; lastKnownFileType = sourcecode.swift; path = ScannerView.swift; sourceTree = "<group>"; };
		E82CFBD92C3F078D0055C6B2 /* MainView.swift */ = {isa = PBXFileReference; lastKnownFileType = sourcecode.swift; path = MainView.swift; sourceTree = "<group>"; };
		E82CFBDB2C3F0D990055C6B2 /* DbView.swift */ = {isa = PBXFileReference; lastKnownFileType = sourcecode.swift; path = DbView.swift; sourceTree = "<group>"; };
		E860ACDE2C3EFBE5007E65DE /* Persephone.app */ = {isa = PBXFileReference; explicitFileType = wrapper.application; includeInIndex = 0; path = Persephone.app; sourceTree = BUILT_PRODUCTS_DIR; };
		E860ACE12C3EFBE5007E65DE /* PersephoneApp.swift */ = {isa = PBXFileReference; lastKnownFileType = sourcecode.swift; path = PersephoneApp.swift; sourceTree = "<group>"; };
		E860ACE72C3EFBE8007E65DE /* Assets.xcassets */ = {isa = PBXFileReference; lastKnownFileType = folder.assetcatalog; path = Assets.xcassets; sourceTree = "<group>"; };
		E860ACEA2C3EFBE8007E65DE /* Preview Assets.xcassets */ = {isa = PBXFileReference; lastKnownFileType = folder.assetcatalog; path = "Preview Assets.xcassets"; sourceTree = "<group>"; };
		E860ACF02C3EFBE9007E65DE /* PersephoneTests.xctest */ = {isa = PBXFileReference; explicitFileType = wrapper.cfbundle; includeInIndex = 0; path = PersephoneTests.xctest; sourceTree = BUILT_PRODUCTS_DIR; };
		E860ACF42C3EFBE9007E65DE /* PersephoneTests.swift */ = {isa = PBXFileReference; lastKnownFileType = sourcecode.swift; path = PersephoneTests.swift; sourceTree = "<group>"; };
		E860ACFA2C3EFBE9007E65DE /* PersephoneUITests.xctest */ = {isa = PBXFileReference; explicitFileType = wrapper.cfbundle; includeInIndex = 0; path = PersephoneUITests.xctest; sourceTree = BUILT_PRODUCTS_DIR; };
		E860ACFE2C3EFBE9007E65DE /* PersephoneUITests.swift */ = {isa = PBXFileReference; lastKnownFileType = sourcecode.swift; path = PersephoneUITests.swift; sourceTree = "<group>"; };
		E860AD002C3EFBE9007E65DE /* PersephoneUITestsLaunchTests.swift */ = {isa = PBXFileReference; lastKnownFileType = sourcecode.swift; path = PersephoneUITestsLaunchTests.swift; sourceTree = "<group>"; };
		E8743B9C2C51FB0E00E1B871 /* SheetCoordinator.swift */ = {isa = PBXFileReference; lastKnownFileType = sourcecode.swift; path = SheetCoordinator.swift; sourceTree = "<group>"; };
		E8828ECC2C4DC43C006C7CB3 /* README.md */ = {isa = PBXFileReference; lastKnownFileType = net.daringfireball.markdown; path = README.md; sourceTree = "<group>"; };
		E8828ECD2C4DC456006C7CB3 /* CHANGELOG.md */ = {isa = PBXFileReference; lastKnownFileType = net.daringfireball.markdown; path = CHANGELOG.md; sourceTree = "<group>"; };
		E8828ECE2C4F5154006C7CB3 /* Store.swift */ = {isa = PBXFileReference; lastKnownFileType = sourcecode.swift; path = Store.swift; sourceTree = "<group>"; };
		E8828ED02C4F529A006C7CB3 /* Food.swift */ = {isa = PBXFileReference; lastKnownFileType = sourcecode.swift; path = Food.swift; sourceTree = "<group>"; };
		E8828ED22C4F543A006C7CB3 /* ShoppingList.swift */ = {isa = PBXFileReference; lastKnownFileType = sourcecode.swift; path = ShoppingList.swift; sourceTree = "<group>"; };
		E8828ED42C4F5871006C7CB3 /* FoodIngredients.swift */ = {isa = PBXFileReference; lastKnownFileType = sourcecode.swift; path = FoodIngredients.swift; sourceTree = "<group>"; };
		E8828ED62C502F37006C7CB3 /* FoodInstance.swift */ = {isa = PBXFileReference; lastKnownFileType = sourcecode.swift; path = FoodInstance.swift; sourceTree = "<group>"; };
		E8828ED82C5031F3006C7CB3 /* RecipeInstance.swift */ = {isa = PBXFileReference; lastKnownFileType = sourcecode.swift; path = RecipeInstance.swift; sourceTree = "<group>"; };
		E8828EDB2C503550006C7CB3 /* LogEntry.swift */ = {isa = PBXFileReference; lastKnownFileType = sourcecode.swift; path = LogEntry.swift; sourceTree = "<group>"; };
		E8828EDD2C503BF5006C7CB3 /* PreviewHelpers.swift */ = {isa = PBXFileReference; lastKnownFileType = sourcecode.swift; path = PreviewHelpers.swift; sourceTree = "<group>"; };
		E8828EE22C50F78D006C7CB3 /* FoodDatabaseEndpoint.swift */ = {isa = PBXFileReference; lastKnownFileType = sourcecode.swift; path = FoodDatabaseEndpoint.swift; sourceTree = "<group>"; };
		E8828EE42C50F85B006C7CB3 /* FoodDataCentralEndpoint.swift */ = {isa = PBXFileReference; lastKnownFileType = sourcecode.swift; path = FoodDataCentralEndpoint.swift; sourceTree = "<group>"; };
		E8828EE62C5169E2006C7CB3 /* OpenFoodFactsEndpoint.swift */ = {isa = PBXFileReference; lastKnownFileType = sourcecode.swift; path = OpenFoodFactsEndpoint.swift; sourceTree = "<group>"; };
		E8D72EEC2C4381010053CA26 /* ScanFoodView.swift */ = {isa = PBXFileReference; lastKnownFileType = sourcecode.swift; path = ScanFoodView.swift; sourceTree = "<group>"; };
		E8D72EF02C463D3A0053CA26 /* Recipe.swift */ = {isa = PBXFileReference; lastKnownFileType = sourcecode.swift; path = Recipe.swift; sourceTree = "<group>"; };
		E8D72EF22C4641840053CA26 /* CookbookView.swift */ = {isa = PBXFileReference; lastKnownFileType = sourcecode.swift; path = CookbookView.swift; sourceTree = "<group>"; };
		E8D72EF42C470E1E0053CA26 /* RecipeEditor.swift */ = {isa = PBXFileReference; lastKnownFileType = sourcecode.swift; path = RecipeEditor.swift; sourceTree = "<group>"; };
		E8D72EF62C478C610053CA26 /* RecipeView.swift */ = {isa = PBXFileReference; lastKnownFileType = sourcecode.swift; path = RecipeView.swift; sourceTree = "<group>"; };
/* End PBXFileReference section */

/* Begin PBXFrameworksBuildPhase section */
		E860ACDB2C3EFBE5007E65DE /* Frameworks */ = {
			isa = PBXFrameworksBuildPhase;
			buildActionMask = 2147483647;
			files = (
			);
			runOnlyForDeploymentPostprocessing = 0;
		};
		E860ACED2C3EFBE9007E65DE /* Frameworks */ = {
			isa = PBXFrameworksBuildPhase;
			buildActionMask = 2147483647;
			files = (
			);
			runOnlyForDeploymentPostprocessing = 0;
		};
		E860ACF72C3EFBE9007E65DE /* Frameworks */ = {
			isa = PBXFrameworksBuildPhase;
			buildActionMask = 2147483647;
			files = (
			);
			runOnlyForDeploymentPostprocessing = 0;
		};
/* End PBXFrameworksBuildPhase section */

/* Begin PBXGroup section */
		E80E2C3E2C3F6C6700D35BE7 /* UI */ = {
			isa = PBXGroup;
			children = (
				E80E2C432C3F6D5300D35BE7 /* NumberFormatterProtocol.swift */,
				E80E2C412C3F6CCF00D35BE7 /* CurrencyTextField.swift */,
				E80E2C3F2C3F6C9000D35BE7 /* CurrencyUITextField.swift */,
				E8743B9C2C51FB0E00E1B871 /* SheetCoordinator.swift */,
			);
			path = UI;
			sourceTree = "<group>";
		};
		E82CFBDD2C3F0E150055C6B2 /* Model */ = {
			isa = PBXGroup;
			children = (
				E80E2C452C400B0800D35BE7 /* Schema.swift */,
				E8828ED02C4F529A006C7CB3 /* Food.swift */,
				E8828ED42C4F5871006C7CB3 /* FoodIngredients.swift */,
				E80E2C472C400BC400D35BE7 /* FoodItem.swift */,
				E8828ED62C502F37006C7CB3 /* FoodInstance.swift */,
				E8828EDB2C503550006C7CB3 /* LogEntry.swift */,
				E8D72EF02C463D3A0053CA26 /* Recipe.swift */,
				E8828ED82C5031F3006C7CB3 /* RecipeInstance.swift */,
				E8828ED22C4F543A006C7CB3 /* ShoppingList.swift */,
				E8828ECE2C4F5154006C7CB3 /* Store.swift */,
			);
			path = Model;
			sourceTree = "<group>";
		};
		E82CFBDE2C3F0E1F0055C6B2 /* View */ = {
			isa = PBXGroup;
			children = (
				E8828EDD2C503BF5006C7CB3 /* PreviewHelpers.swift */,
				E82CFBD92C3F078D0055C6B2 /* MainView.swift */,
				E82CFBDB2C3F0D990055C6B2 /* DbView.swift */,
				E8D72EEC2C4381010053CA26 /* ScanFoodView.swift */,
				E80E2C492C40157A00D35BE7 /* FoodItemView.swift */,
				E80E2C4B2C401AF300D35BE7 /* FoodItemEditor.swift */,
				E80E2C502C41C23200D35BE7 /* ScannerView.swift */,
				E8D72EF22C4641840053CA26 /* CookbookView.swift */,
				E8D72EF62C478C610053CA26 /* RecipeView.swift */,
				E8D72EF42C470E1E0053CA26 /* RecipeEditor.swift */,
			);
			path = View;
			sourceTree = "<group>";
		};
		E860ACD52C3EFBE5007E65DE = {
			isa = PBXGroup;
			children = (
				E8828ECD2C4DC456006C7CB3 /* CHANGELOG.md */,
				E8828ECC2C4DC43C006C7CB3 /* README.md */,
				E860ACE02C3EFBE5007E65DE /* Persephone */,
				E860ACF32C3EFBE9007E65DE /* PersephoneTests */,
				E860ACFD2C3EFBE9007E65DE /* PersephoneUITests */,
				E860ACDF2C3EFBE5007E65DE /* Products */,
			);
			sourceTree = "<group>";
		};
		E860ACDF2C3EFBE5007E65DE /* Products */ = {
			isa = PBXGroup;
			children = (
				E860ACDE2C3EFBE5007E65DE /* Persephone.app */,
				E860ACF02C3EFBE9007E65DE /* PersephoneTests.xctest */,
				E860ACFA2C3EFBE9007E65DE /* PersephoneUITests.xctest */,
			);
			name = Products;
			sourceTree = "<group>";
		};
		E860ACE02C3EFBE5007E65DE /* Persephone */ = {
			isa = PBXGroup;
			children = (
				E860ACE12C3EFBE5007E65DE /* PersephoneApp.swift */,
				E82CFBDD2C3F0E150055C6B2 /* Model */,
				E82CFBDE2C3F0E1F0055C6B2 /* View */,
				E80E2C3E2C3F6C6700D35BE7 /* UI */,
				E8828EDF2C50F703006C7CB3 /* Util */,
				E860ACE72C3EFBE8007E65DE /* Assets.xcassets */,
				E80E2C4F2C41C00600D35BE7 /* Info.plist */,
				E860ACE92C3EFBE8007E65DE /* Preview Content */,
			);
			path = Persephone;
			sourceTree = "<group>";
		};
		E860ACE92C3EFBE8007E65DE /* Preview Content */ = {
			isa = PBXGroup;
			children = (
				E860ACEA2C3EFBE8007E65DE /* Preview Assets.xcassets */,
			);
			path = "Preview Content";
			sourceTree = "<group>";
		};
		E860ACF32C3EFBE9007E65DE /* PersephoneTests */ = {
			isa = PBXGroup;
			children = (
				E860ACF42C3EFBE9007E65DE /* PersephoneTests.swift */,
			);
			path = PersephoneTests;
			sourceTree = "<group>";
		};
		E860ACFD2C3EFBE9007E65DE /* PersephoneUITests */ = {
			isa = PBXGroup;
			children = (
				E860ACFE2C3EFBE9007E65DE /* PersephoneUITests.swift */,
				E860AD002C3EFBE9007E65DE /* PersephoneUITestsLaunchTests.swift */,
			);
			path = PersephoneUITests;
			sourceTree = "<group>";
		};
		E8828EDF2C50F703006C7CB3 /* Util */ = {
			isa = PBXGroup;
			children = (
				E8828EE22C50F78D006C7CB3 /* FoodDatabaseEndpoint.swift */,
				E8828EE42C50F85B006C7CB3 /* FoodDataCentralEndpoint.swift */,
				E8828EE62C5169E2006C7CB3 /* OpenFoodFactsEndpoint.swift */,
			);
			path = Util;
			sourceTree = "<group>";
		};
/* End PBXGroup section */

/* Begin PBXNativeTarget section */
		E860ACDD2C3EFBE5007E65DE /* Persephone */ = {
			isa = PBXNativeTarget;
			buildConfigurationList = E860AD042C3EFBE9007E65DE /* Build configuration list for PBXNativeTarget "Persephone" */;
			buildPhases = (
				E860ACDA2C3EFBE5007E65DE /* Sources */,
				E860ACDB2C3EFBE5007E65DE /* Frameworks */,
				E860ACDC2C3EFBE5007E65DE /* Resources */,
			);
			buildRules = (
			);
			dependencies = (
			);
			name = Persephone;
			productName = Persephone;
			productReference = E860ACDE2C3EFBE5007E65DE /* Persephone.app */;
			productType = "com.apple.product-type.application";
		};
		E860ACEF2C3EFBE9007E65DE /* PersephoneTests */ = {
			isa = PBXNativeTarget;
			buildConfigurationList = E860AD072C3EFBE9007E65DE /* Build configuration list for PBXNativeTarget "PersephoneTests" */;
			buildPhases = (
				E860ACEC2C3EFBE9007E65DE /* Sources */,
				E860ACED2C3EFBE9007E65DE /* Frameworks */,
				E860ACEE2C3EFBE9007E65DE /* Resources */,
			);
			buildRules = (
			);
			dependencies = (
				E860ACF22C3EFBE9007E65DE /* PBXTargetDependency */,
			);
			name = PersephoneTests;
			productName = PersephoneTests;
			productReference = E860ACF02C3EFBE9007E65DE /* PersephoneTests.xctest */;
			productType = "com.apple.product-type.bundle.unit-test";
		};
		E860ACF92C3EFBE9007E65DE /* PersephoneUITests */ = {
			isa = PBXNativeTarget;
			buildConfigurationList = E860AD0A2C3EFBE9007E65DE /* Build configuration list for PBXNativeTarget "PersephoneUITests" */;
			buildPhases = (
				E860ACF62C3EFBE9007E65DE /* Sources */,
				E860ACF72C3EFBE9007E65DE /* Frameworks */,
				E860ACF82C3EFBE9007E65DE /* Resources */,
			);
			buildRules = (
			);
			dependencies = (
				E860ACFC2C3EFBE9007E65DE /* PBXTargetDependency */,
			);
			name = PersephoneUITests;
			productName = PersephoneUITests;
			productReference = E860ACFA2C3EFBE9007E65DE /* PersephoneUITests.xctest */;
			productType = "com.apple.product-type.bundle.ui-testing";
		};
/* End PBXNativeTarget section */

/* Begin PBXProject section */
		E860ACD62C3EFBE5007E65DE /* Project object */ = {
			isa = PBXProject;
			attributes = {
				BuildIndependentTargetsInParallel = 1;
				LastSwiftUpdateCheck = 1540;
				LastUpgradeCheck = 1540;
				TargetAttributes = {
					E860ACDD2C3EFBE5007E65DE = {
						CreatedOnToolsVersion = 15.4;
					};
					E860ACEF2C3EFBE9007E65DE = {
						CreatedOnToolsVersion = 15.4;
						TestTargetID = E860ACDD2C3EFBE5007E65DE;
					};
					E860ACF92C3EFBE9007E65DE = {
						CreatedOnToolsVersion = 15.4;
						TestTargetID = E860ACDD2C3EFBE5007E65DE;
					};
				};
			};
			buildConfigurationList = E860ACD92C3EFBE5007E65DE /* Build configuration list for PBXProject "Persephone" */;
			compatibilityVersion = "Xcode 14.0";
			developmentRegion = en;
			hasScannedForEncodings = 0;
			knownRegions = (
				en,
				Base,
			);
			mainGroup = E860ACD52C3EFBE5007E65DE;
			productRefGroup = E860ACDF2C3EFBE5007E65DE /* Products */;
			projectDirPath = "";
			projectRoot = "";
			targets = (
				E860ACDD2C3EFBE5007E65DE /* Persephone */,
				E860ACEF2C3EFBE9007E65DE /* PersephoneTests */,
				E860ACF92C3EFBE9007E65DE /* PersephoneUITests */,
			);
		};
/* End PBXProject section */

/* Begin PBXResourcesBuildPhase section */
		E860ACDC2C3EFBE5007E65DE /* Resources */ = {
			isa = PBXResourcesBuildPhase;
			buildActionMask = 2147483647;
			files = (
				E860ACEB2C3EFBE8007E65DE /* Preview Assets.xcassets in Resources */,
				E860ACE82C3EFBE8007E65DE /* Assets.xcassets in Resources */,
			);
			runOnlyForDeploymentPostprocessing = 0;
		};
		E860ACEE2C3EFBE9007E65DE /* Resources */ = {
			isa = PBXResourcesBuildPhase;
			buildActionMask = 2147483647;
			files = (
			);
			runOnlyForDeploymentPostprocessing = 0;
		};
		E860ACF82C3EFBE9007E65DE /* Resources */ = {
			isa = PBXResourcesBuildPhase;
			buildActionMask = 2147483647;
			files = (
			);
			runOnlyForDeploymentPostprocessing = 0;
		};
/* End PBXResourcesBuildPhase section */

/* Begin PBXSourcesBuildPhase section */
		E860ACDA2C3EFBE5007E65DE /* Sources */ = {
			isa = PBXSourcesBuildPhase;
			buildActionMask = 2147483647;
			files = (
				E82CFBDA2C3F078D0055C6B2 /* MainView.swift in Sources */,
				E80E2C4C2C401AF300D35BE7 /* FoodItemEditor.swift in Sources */,
				E82CFBDC2C3F0D990055C6B2 /* DbView.swift in Sources */,
				E8D72EF32C4641840053CA26 /* CookbookView.swift in Sources */,
				E8828ED32C4F543A006C7CB3 /* ShoppingList.swift in Sources */,
				E80E2C462C400B0800D35BE7 /* Schema.swift in Sources */,
				E8D72EF52C470E1E0053CA26 /* RecipeEditor.swift in Sources */,
				E80E2C4A2C40157A00D35BE7 /* FoodItemView.swift in Sources */,
				E8828EE72C5169E2006C7CB3 /* OpenFoodFactsEndpoint.swift in Sources */,
				E8828EE32C50F78D006C7CB3 /* FoodDatabaseEndpoint.swift in Sources */,
				E80E2C482C400BC400D35BE7 /* FoodItem.swift in Sources */,
				E8828ED72C502F37006C7CB3 /* FoodInstance.swift in Sources */,
				E80E2C402C3F6C9000D35BE7 /* CurrencyUITextField.swift in Sources */,
				E8828EE52C50F85B006C7CB3 /* FoodDataCentralEndpoint.swift in Sources */,
				E8D72EF12C463D3A0053CA26 /* Recipe.swift in Sources */,
				E8828ECF2C4F5154006C7CB3 /* Store.swift in Sources */,
				E80E2C422C3F6CCF00D35BE7 /* CurrencyTextField.swift in Sources */,
				E8828ED92C5031F3006C7CB3 /* RecipeInstance.swift in Sources */,
				E860ACE22C3EFBE5007E65DE /* PersephoneApp.swift in Sources */,
				E8D72EED2C4381010053CA26 /* ScanFoodView.swift in Sources */,
				E80E2C512C41C23200D35BE7 /* ScannerView.swift in Sources */,
				E8828ED52C4F5871006C7CB3 /* FoodIngredients.swift in Sources */,
				E8743B9D2C51FB0E00E1B871 /* SheetCoordinator.swift in Sources */,
				E8828ED12C4F529A006C7CB3 /* Food.swift in Sources */,
				E8D72EF72C478C620053CA26 /* RecipeView.swift in Sources */,
				E8828EDC2C503550006C7CB3 /* LogEntry.swift in Sources */,
				E8828EDE2C503BF5006C7CB3 /* PreviewHelpers.swift in Sources */,
				E80E2C442C3F6D5300D35BE7 /* NumberFormatterProtocol.swift in Sources */,
			);
			runOnlyForDeploymentPostprocessing = 0;
		};
		E860ACEC2C3EFBE9007E65DE /* Sources */ = {
			isa = PBXSourcesBuildPhase;
			buildActionMask = 2147483647;
			files = (
				E860ACF52C3EFBE9007E65DE /* PersephoneTests.swift in Sources */,
			);
			runOnlyForDeploymentPostprocessing = 0;
		};
		E860ACF62C3EFBE9007E65DE /* Sources */ = {
			isa = PBXSourcesBuildPhase;
			buildActionMask = 2147483647;
			files = (
				E860ACFF2C3EFBE9007E65DE /* PersephoneUITests.swift in Sources */,
				E860AD012C3EFBE9007E65DE /* PersephoneUITestsLaunchTests.swift in Sources */,
			);
			runOnlyForDeploymentPostprocessing = 0;
		};
/* End PBXSourcesBuildPhase section */

/* Begin PBXTargetDependency section */
		E860ACF22C3EFBE9007E65DE /* PBXTargetDependency */ = {
			isa = PBXTargetDependency;
			target = E860ACDD2C3EFBE5007E65DE /* Persephone */;
			targetProxy = E860ACF12C3EFBE9007E65DE /* PBXContainerItemProxy */;
		};
		E860ACFC2C3EFBE9007E65DE /* PBXTargetDependency */ = {
			isa = PBXTargetDependency;
			target = E860ACDD2C3EFBE5007E65DE /* Persephone */;
			targetProxy = E860ACFB2C3EFBE9007E65DE /* PBXContainerItemProxy */;
		};
/* End PBXTargetDependency section */

/* Begin XCBuildConfiguration section */
		E860AD022C3EFBE9007E65DE /* Debug */ = {
			isa = XCBuildConfiguration;
			buildSettings = {
				ALWAYS_SEARCH_USER_PATHS = NO;
				ASSETCATALOG_COMPILER_GENERATE_SWIFT_ASSET_SYMBOL_EXTENSIONS = YES;
				CLANG_ANALYZER_NONNULL = YES;
				CLANG_ANALYZER_NUMBER_OBJECT_CONVERSION = YES_AGGRESSIVE;
				CLANG_CXX_LANGUAGE_STANDARD = "gnu++20";
				CLANG_ENABLE_MODULES = YES;
				CLANG_ENABLE_OBJC_ARC = YES;
				CLANG_ENABLE_OBJC_WEAK = YES;
				CLANG_WARN_BLOCK_CAPTURE_AUTORELEASING = YES;
				CLANG_WARN_BOOL_CONVERSION = YES;
				CLANG_WARN_COMMA = YES;
				CLANG_WARN_CONSTANT_CONVERSION = YES;
				CLANG_WARN_DEPRECATED_OBJC_IMPLEMENTATIONS = YES;
				CLANG_WARN_DIRECT_OBJC_ISA_USAGE = YES_ERROR;
				CLANG_WARN_DOCUMENTATION_COMMENTS = YES;
				CLANG_WARN_EMPTY_BODY = YES;
				CLANG_WARN_ENUM_CONVERSION = YES;
				CLANG_WARN_INFINITE_RECURSION = YES;
				CLANG_WARN_INT_CONVERSION = YES;
				CLANG_WARN_NON_LITERAL_NULL_CONVERSION = YES;
				CLANG_WARN_OBJC_IMPLICIT_RETAIN_SELF = YES;
				CLANG_WARN_OBJC_LITERAL_CONVERSION = YES;
				CLANG_WARN_OBJC_ROOT_CLASS = YES_ERROR;
				CLANG_WARN_QUOTED_INCLUDE_IN_FRAMEWORK_HEADER = YES;
				CLANG_WARN_RANGE_LOOP_ANALYSIS = YES;
				CLANG_WARN_STRICT_PROTOTYPES = YES;
				CLANG_WARN_SUSPICIOUS_MOVE = YES;
				CLANG_WARN_UNGUARDED_AVAILABILITY = YES_AGGRESSIVE;
				CLANG_WARN_UNREACHABLE_CODE = YES;
				CLANG_WARN__DUPLICATE_METHOD_MATCH = YES;
				COPY_PHASE_STRIP = NO;
				DEBUG_INFORMATION_FORMAT = dwarf;
				ENABLE_STRICT_OBJC_MSGSEND = YES;
				ENABLE_TESTABILITY = YES;
				ENABLE_USER_SCRIPT_SANDBOXING = YES;
				GCC_C_LANGUAGE_STANDARD = gnu17;
				GCC_DYNAMIC_NO_PIC = NO;
				GCC_NO_COMMON_BLOCKS = YES;
				GCC_OPTIMIZATION_LEVEL = 0;
				GCC_PREPROCESSOR_DEFINITIONS = (
					"DEBUG=1",
					"$(inherited)",
				);
				GCC_WARN_64_TO_32_BIT_CONVERSION = YES;
				GCC_WARN_ABOUT_RETURN_TYPE = YES_ERROR;
				GCC_WARN_UNDECLARED_SELECTOR = YES;
				GCC_WARN_UNINITIALIZED_AUTOS = YES_AGGRESSIVE;
				GCC_WARN_UNUSED_FUNCTION = YES;
				GCC_WARN_UNUSED_VARIABLE = YES;
				IPHONEOS_DEPLOYMENT_TARGET = 17.5;
				LOCALIZATION_PREFERS_STRING_CATALOGS = YES;
				MTL_ENABLE_DEBUG_INFO = INCLUDE_SOURCE;
				MTL_FAST_MATH = YES;
				ONLY_ACTIVE_ARCH = YES;
				SDKROOT = iphoneos;
				SWIFT_ACTIVE_COMPILATION_CONDITIONS = "DEBUG $(inherited)";
				SWIFT_OPTIMIZATION_LEVEL = "-Onone";
			};
			name = Debug;
		};
		E860AD032C3EFBE9007E65DE /* Release */ = {
			isa = XCBuildConfiguration;
			buildSettings = {
				ALWAYS_SEARCH_USER_PATHS = NO;
				ASSETCATALOG_COMPILER_GENERATE_SWIFT_ASSET_SYMBOL_EXTENSIONS = YES;
				CLANG_ANALYZER_NONNULL = YES;
				CLANG_ANALYZER_NUMBER_OBJECT_CONVERSION = YES_AGGRESSIVE;
				CLANG_CXX_LANGUAGE_STANDARD = "gnu++20";
				CLANG_ENABLE_MODULES = YES;
				CLANG_ENABLE_OBJC_ARC = YES;
				CLANG_ENABLE_OBJC_WEAK = YES;
				CLANG_WARN_BLOCK_CAPTURE_AUTORELEASING = YES;
				CLANG_WARN_BOOL_CONVERSION = YES;
				CLANG_WARN_COMMA = YES;
				CLANG_WARN_CONSTANT_CONVERSION = YES;
				CLANG_WARN_DEPRECATED_OBJC_IMPLEMENTATIONS = YES;
				CLANG_WARN_DIRECT_OBJC_ISA_USAGE = YES_ERROR;
				CLANG_WARN_DOCUMENTATION_COMMENTS = YES;
				CLANG_WARN_EMPTY_BODY = YES;
				CLANG_WARN_ENUM_CONVERSION = YES;
				CLANG_WARN_INFINITE_RECURSION = YES;
				CLANG_WARN_INT_CONVERSION = YES;
				CLANG_WARN_NON_LITERAL_NULL_CONVERSION = YES;
				CLANG_WARN_OBJC_IMPLICIT_RETAIN_SELF = YES;
				CLANG_WARN_OBJC_LITERAL_CONVERSION = YES;
				CLANG_WARN_OBJC_ROOT_CLASS = YES_ERROR;
				CLANG_WARN_QUOTED_INCLUDE_IN_FRAMEWORK_HEADER = YES;
				CLANG_WARN_RANGE_LOOP_ANALYSIS = YES;
				CLANG_WARN_STRICT_PROTOTYPES = YES;
				CLANG_WARN_SUSPICIOUS_MOVE = YES;
				CLANG_WARN_UNGUARDED_AVAILABILITY = YES_AGGRESSIVE;
				CLANG_WARN_UNREACHABLE_CODE = YES;
				CLANG_WARN__DUPLICATE_METHOD_MATCH = YES;
				COPY_PHASE_STRIP = NO;
				DEBUG_INFORMATION_FORMAT = "dwarf-with-dsym";
				ENABLE_NS_ASSERTIONS = NO;
				ENABLE_STRICT_OBJC_MSGSEND = YES;
				ENABLE_USER_SCRIPT_SANDBOXING = YES;
				GCC_C_LANGUAGE_STANDARD = gnu17;
				GCC_NO_COMMON_BLOCKS = YES;
				GCC_WARN_64_TO_32_BIT_CONVERSION = YES;
				GCC_WARN_ABOUT_RETURN_TYPE = YES_ERROR;
				GCC_WARN_UNDECLARED_SELECTOR = YES;
				GCC_WARN_UNINITIALIZED_AUTOS = YES_AGGRESSIVE;
				GCC_WARN_UNUSED_FUNCTION = YES;
				GCC_WARN_UNUSED_VARIABLE = YES;
				IPHONEOS_DEPLOYMENT_TARGET = 17.5;
				LOCALIZATION_PREFERS_STRING_CATALOGS = YES;
				MTL_ENABLE_DEBUG_INFO = NO;
				MTL_FAST_MATH = YES;
				SDKROOT = iphoneos;
				SWIFT_COMPILATION_MODE = wholemodule;
				VALIDATE_PRODUCT = YES;
			};
			name = Release;
		};
		E860AD052C3EFBE9007E65DE /* Debug */ = {
			isa = XCBuildConfiguration;
			buildSettings = {
				ASSETCATALOG_COMPILER_APPICON_NAME = AppIcon;
				ASSETCATALOG_COMPILER_GLOBAL_ACCENT_COLOR_NAME = AccentColor;
				CODE_SIGN_STYLE = Automatic;
				CURRENT_PROJECT_VERSION = 1;
				DEVELOPMENT_ASSET_PATHS = "\"Persephone/Preview Content\"";
				DEVELOPMENT_TEAM = FU2B76F7PF;
				ENABLE_PREVIEWS = YES;
				GENERATE_INFOPLIST_FILE = YES;
				INFOPLIST_FILE = Persephone/Info.plist;
				INFOPLIST_KEY_CFBundleDisplayName = Persephone;
				INFOPLIST_KEY_LSApplicationCategoryType = "public.app-category.food-and-drink";
				INFOPLIST_KEY_NSCameraUsageDescription = "Used to scan barcodes of items.";
				INFOPLIST_KEY_UIApplicationSceneManifest_Generation = YES;
				INFOPLIST_KEY_UIApplicationSupportsIndirectInputEvents = YES;
				INFOPLIST_KEY_UILaunchScreen_Generation = YES;
				INFOPLIST_KEY_UIStatusBarStyle = "";
				INFOPLIST_KEY_UISupportedInterfaceOrientations = UIInterfaceOrientationPortrait;
				INFOPLIST_KEY_UISupportedInterfaceOrientations_iPad = "UIInterfaceOrientationLandscapeLeft UIInterfaceOrientationLandscapeRight UIInterfaceOrientationPortrait UIInterfaceOrientationPortraitUpsideDown";
				LD_RUNPATH_SEARCH_PATHS = (
					"$(inherited)",
					"@executable_path/Frameworks",
				);
				MARKETING_VERSION = 0.1.0;
				PRODUCT_BUNDLE_IDENTIFIER = com.wassynger.Persephone;
				PRODUCT_NAME = "$(TARGET_NAME)";
				SWIFT_EMIT_LOC_STRINGS = YES;
				SWIFT_VERSION = 5.0;
				TARGETED_DEVICE_FAMILY = "1,2";
			};
			name = Debug;
		};
		E860AD062C3EFBE9007E65DE /* Release */ = {
			isa = XCBuildConfiguration;
			buildSettings = {
				ASSETCATALOG_COMPILER_APPICON_NAME = AppIcon;
				ASSETCATALOG_COMPILER_GLOBAL_ACCENT_COLOR_NAME = AccentColor;
				CODE_SIGN_STYLE = Automatic;
				CURRENT_PROJECT_VERSION = 1;
				DEVELOPMENT_ASSET_PATHS = "\"Persephone/Preview Content\"";
				DEVELOPMENT_TEAM = FU2B76F7PF;
				ENABLE_PREVIEWS = YES;
				GENERATE_INFOPLIST_FILE = YES;
				INFOPLIST_FILE = Persephone/Info.plist;
				INFOPLIST_KEY_CFBundleDisplayName = Persephone;
				INFOPLIST_KEY_LSApplicationCategoryType = "public.app-category.food-and-drink";
				INFOPLIST_KEY_NSCameraUsageDescription = "Used to scan barcodes of items.";
				INFOPLIST_KEY_UIApplicationSceneManifest_Generation = YES;
				INFOPLIST_KEY_UIApplicationSupportsIndirectInputEvents = YES;
				INFOPLIST_KEY_UILaunchScreen_Generation = YES;
				INFOPLIST_KEY_UIStatusBarStyle = "";
				INFOPLIST_KEY_UISupportedInterfaceOrientations = UIInterfaceOrientationPortrait;
				INFOPLIST_KEY_UISupportedInterfaceOrientations_iPad = "UIInterfaceOrientationLandscapeLeft UIInterfaceOrientationLandscapeRight UIInterfaceOrientationPortrait UIInterfaceOrientationPortraitUpsideDown";
				LD_RUNPATH_SEARCH_PATHS = (
					"$(inherited)",
					"@executable_path/Frameworks",
				);
				MARKETING_VERSION = 0.1.0;
				PRODUCT_BUNDLE_IDENTIFIER = com.wassynger.Persephone;
				PRODUCT_NAME = "$(TARGET_NAME)";
				SWIFT_EMIT_LOC_STRINGS = YES;
				SWIFT_VERSION = 5.0;
				TARGETED_DEVICE_FAMILY = "1,2";
			};
			name = Release;
		};
		E860AD082C3EFBE9007E65DE /* Debug */ = {
			isa = XCBuildConfiguration;
			buildSettings = {
				ALWAYS_EMBED_SWIFT_STANDARD_LIBRARIES = YES;
				BUNDLE_LOADER = "$(TEST_HOST)";
				CODE_SIGN_STYLE = Automatic;
				CURRENT_PROJECT_VERSION = 1;
				DEVELOPMENT_TEAM = FU2B76F7PF;
				GENERATE_INFOPLIST_FILE = YES;
				IPHONEOS_DEPLOYMENT_TARGET = 17.5;
				MARKETING_VERSION = 1.0;
				PRODUCT_BUNDLE_IDENTIFIER = com.wassynger.PersephoneTests;
				PRODUCT_NAME = "$(TARGET_NAME)";
				SWIFT_EMIT_LOC_STRINGS = NO;
				SWIFT_VERSION = 5.0;
				TARGETED_DEVICE_FAMILY = "1,2";
				TEST_HOST = "$(BUILT_PRODUCTS_DIR)/Persephone.app/$(BUNDLE_EXECUTABLE_FOLDER_PATH)/Persephone";
			};
			name = Debug;
		};
		E860AD092C3EFBE9007E65DE /* Release */ = {
			isa = XCBuildConfiguration;
			buildSettings = {
				ALWAYS_EMBED_SWIFT_STANDARD_LIBRARIES = YES;
				BUNDLE_LOADER = "$(TEST_HOST)";
				CODE_SIGN_STYLE = Automatic;
				CURRENT_PROJECT_VERSION = 1;
				DEVELOPMENT_TEAM = FU2B76F7PF;
				GENERATE_INFOPLIST_FILE = YES;
				IPHONEOS_DEPLOYMENT_TARGET = 17.5;
				MARKETING_VERSION = 1.0;
				PRODUCT_BUNDLE_IDENTIFIER = com.wassynger.PersephoneTests;
				PRODUCT_NAME = "$(TARGET_NAME)";
				SWIFT_EMIT_LOC_STRINGS = NO;
				SWIFT_VERSION = 5.0;
				TARGETED_DEVICE_FAMILY = "1,2";
				TEST_HOST = "$(BUILT_PRODUCTS_DIR)/Persephone.app/$(BUNDLE_EXECUTABLE_FOLDER_PATH)/Persephone";
			};
			name = Release;
		};
		E860AD0B2C3EFBE9007E65DE /* Debug */ = {
			isa = XCBuildConfiguration;
			buildSettings = {
				ALWAYS_EMBED_SWIFT_STANDARD_LIBRARIES = YES;
				CODE_SIGN_STYLE = Automatic;
				CURRENT_PROJECT_VERSION = 1;
				DEVELOPMENT_TEAM = FU2B76F7PF;
				GENERATE_INFOPLIST_FILE = YES;
				MARKETING_VERSION = 1.0;
				PRODUCT_BUNDLE_IDENTIFIER = com.wassynger.PersephoneUITests;
				PRODUCT_NAME = "$(TARGET_NAME)";
				SWIFT_EMIT_LOC_STRINGS = NO;
				SWIFT_VERSION = 5.0;
				TARGETED_DEVICE_FAMILY = "1,2";
				TEST_TARGET_NAME = Persephone;
			};
			name = Debug;
		};
		E860AD0C2C3EFBE9007E65DE /* Release */ = {
			isa = XCBuildConfiguration;
			buildSettings = {
				ALWAYS_EMBED_SWIFT_STANDARD_LIBRARIES = YES;
				CODE_SIGN_STYLE = Automatic;
				CURRENT_PROJECT_VERSION = 1;
				DEVELOPMENT_TEAM = FU2B76F7PF;
				GENERATE_INFOPLIST_FILE = YES;
				MARKETING_VERSION = 1.0;
				PRODUCT_BUNDLE_IDENTIFIER = com.wassynger.PersephoneUITests;
				PRODUCT_NAME = "$(TARGET_NAME)";
				SWIFT_EMIT_LOC_STRINGS = NO;
				SWIFT_VERSION = 5.0;
				TARGETED_DEVICE_FAMILY = "1,2";
				TEST_TARGET_NAME = Persephone;
			};
			name = Release;
		};
/* End XCBuildConfiguration section */

/* Begin XCConfigurationList section */
		E860ACD92C3EFBE5007E65DE /* Build configuration list for PBXProject "Persephone" */ = {
			isa = XCConfigurationList;
			buildConfigurations = (
				E860AD022C3EFBE9007E65DE /* Debug */,
				E860AD032C3EFBE9007E65DE /* Release */,
			);
			defaultConfigurationIsVisible = 0;
			defaultConfigurationName = Release;
		};
		E860AD042C3EFBE9007E65DE /* Build configuration list for PBXNativeTarget "Persephone" */ = {
			isa = XCConfigurationList;
			buildConfigurations = (
				E860AD052C3EFBE9007E65DE /* Debug */,
				E860AD062C3EFBE9007E65DE /* Release */,
			);
			defaultConfigurationIsVisible = 0;
			defaultConfigurationName = Release;
		};
		E860AD072C3EFBE9007E65DE /* Build configuration list for PBXNativeTarget "PersephoneTests" */ = {
			isa = XCConfigurationList;
			buildConfigurations = (
				E860AD082C3EFBE9007E65DE /* Debug */,
				E860AD092C3EFBE9007E65DE /* Release */,
			);
			defaultConfigurationIsVisible = 0;
			defaultConfigurationName = Release;
		};
		E860AD0A2C3EFBE9007E65DE /* Build configuration list for PBXNativeTarget "PersephoneUITests" */ = {
			isa = XCConfigurationList;
			buildConfigurations = (
				E860AD0B2C3EFBE9007E65DE /* Debug */,
				E860AD0C2C3EFBE9007E65DE /* Release */,
			);
			defaultConfigurationIsVisible = 0;
			defaultConfigurationName = Release;
		};
/* End XCConfigurationList section */
	};
	rootObject = E860ACD62C3EFBE5007E65DE /* Project object */;
}
