// !$*UTF8*$!
{
	archiveVersion = 1;
	classes = {
	};
	objectVersion = 56;
	objects = {

/* Begin PBXBuildFile section */
		E80E2B4E2FABC2B5006FAC4A /* LogWeekView.swift in Sources */ = {isa = PBXBuildFile; fileRef = E80E2B4D2FABC2B5006FAC4A /* LogWeekView.swift */; };
		E80E2B512FABD124006FAC4A /* MiniNutrientPieChart.swift in Sources */ = {isa = PBXBuildFile; fileRef = E80E2B502FABD124006FAC4A /* MiniNutrientPieChart.swift */; };
		E80E2B542FAC41CB006FAC4A /* LogEntryListView.swift in Sources */ = {isa = PBXBuildFile; fileRef = E80E2B532FAC41CB006FAC4A /* LogEntryListView.swift */; };
		E80E2B562FACE86B006FAC4A /* SaveLogEntryAmountSheet.swift in Sources */ = {isa = PBXBuildFile; fileRef = E80E2B552FACE86B006FAC4A /* SaveLogEntryAmountSheet.swift */; };
		E80E2C462C400B0800D35BE7 /* Schema.swift in Sources */ = {isa = PBXBuildFile; fileRef = E80E2C452C400B0800D35BE7 /* Schema.swift */; };
		E80E2C512C41C23200D35BE7 /* ScannerView.swift in Sources */ = {isa = PBXBuildFile; fileRef = E80E2C502C41C23200D35BE7 /* ScannerView.swift */; };
		E82CFBDA2C3F078D0055C6B2 /* MainView.swift in Sources */ = {isa = PBXBuildFile; fileRef = E82CFBD92C3F078D0055C6B2 /* MainView.swift */; };
		E860ACE22C3EFBE5007E65DE /* PersephoneApp.swift in Sources */ = {isa = PBXBuildFile; fileRef = E860ACE12C3EFBE5007E65DE /* PersephoneApp.swift */; };
		E860ACE82C3EFBE8007E65DE /* Assets.xcassets in Resources */ = {isa = PBXBuildFile; fileRef = E860ACE72C3EFBE8007E65DE /* Assets.xcassets */; };
		E860ACEB2C3EFBE8007E65DE /* Preview Assets.xcassets in Resources */ = {isa = PBXBuildFile; fileRef = E860ACEA2C3EFBE8007E65DE /* Preview Assets.xcassets */; };
		E860ACF52C3EFBE9007E65DE /* PersephoneTests.swift in Sources */ = {isa = PBXBuildFile; fileRef = E860ACF42C3EFBE9007E65DE /* PersephoneTests.swift */; };
		E860ACFF2C3EFBE9007E65DE /* PersephoneUITests.swift in Sources */ = {isa = PBXBuildFile; fileRef = E860ACFE2C3EFBE9007E65DE /* PersephoneUITests.swift */; };
		E860AD012C3EFBE9007E65DE /* PersephoneUITestsLaunchTests.swift in Sources */ = {isa = PBXBuildFile; fileRef = E860AD002C3EFBE9007E65DE /* PersephoneUITestsLaunchTests.swift */; };
		E867E6662D343B05001917C0 /* LogbookPieChart.swift in Sources */ = {isa = PBXBuildFile; fileRef = E867E6652D343AF8001917C0 /* LogbookPieChart.swift */; };
		E867E6682D343FDD001917C0 /* ModelUtilities.swift in Sources */ = {isa = PBXBuildFile; fileRef = E867E6672D343FDA001917C0 /* ModelUtilities.swift */; };
		E8743B9D2C51FB0E00E1B871 /* SheetCoordinator.swift in Sources */ = {isa = PBXBuildFile; fileRef = E8743B9C2C51FB0E00E1B871 /* SheetCoordinator.swift */; };
		E8743BA32C52DC6300E1B871 /* NutrientsEditSheet.swift in Sources */ = {isa = PBXBuildFile; fileRef = E8743BA22C52DC6300E1B871 /* NutrientsEditSheet.swift */; };
		E8743BA52C5344D000E1B871 /* NutrientsView.swift in Sources */ = {isa = PBXBuildFile; fileRef = E8743BA42C5344D000E1B871 /* NutrientsView.swift */; };
		E8828ED52C4F5871006C7CB3 /* Nutrients.swift in Sources */ = {isa = PBXBuildFile; fileRef = E8828ED42C4F5871006C7CB3 /* Nutrients.swift */; };
		E8828EE32C50F78D006C7CB3 /* FoodDatabaseEndpoint.swift in Sources */ = {isa = PBXBuildFile; fileRef = E8828EE22C50F78D006C7CB3 /* FoodDatabaseEndpoint.swift */; };
		E8828EE52C50F85B006C7CB3 /* FoodDataCentralEndpoint.swift in Sources */ = {isa = PBXBuildFile; fileRef = E8828EE42C50F85B006C7CB3 /* FoodDataCentralEndpoint.swift */; };
		E8828EE72C5169E2006C7CB3 /* OpenFoodFactsEndpoint.swift in Sources */ = {isa = PBXBuildFile; fileRef = E8828EE62C5169E2006C7CB3 /* OpenFoodFactsEndpoint.swift */; };
		E885CC752D3E904B0041364D /* RecipeEntry.swift in Sources */ = {isa = PBXBuildFile; fileRef = E885CC742D3E90460041364D /* RecipeEntry.swift */; };
		E885CC782D3E9E810041364D /* RecipeEntryEditView.swift in Sources */ = {isa = PBXBuildFile; fileRef = E885CC772D3E9E690041364D /* RecipeEntryEditView.swift */; };
		E885CC7C2D3E9F230041364D /* CookbookView.swift in Sources */ = {isa = PBXBuildFile; fileRef = E885CC7B2D3E9EED0041364D /* CookbookView.swift */; };
		E885CC7E2D3EA8AE0041364D /* RecipeEntryItem.swift in Sources */ = {isa = PBXBuildFile; fileRef = E885CC7D2D3EA8AA0041364D /* RecipeEntryItem.swift */; };
		E885CC802D3EAC5D0041364D /* RecipeEntryView.swift in Sources */ = {isa = PBXBuildFile; fileRef = E885CC7F2D3EAC590041364D /* RecipeEntryView.swift */; };
		E89A87032FAD20C8002CDEBB /* AddLogEntryView.swift in Sources */ = {isa = PBXBuildFile; fileRef = E89A87022FAD20C8002CDEBB /* AddLogEntryView.swift */; };
		E89A87072FAD9323002CDEBB /* MacroBarChart.swift in Sources */ = {isa = PBXBuildFile; fileRef = E89A87062FAD9323002CDEBB /* MacroBarChart.swift */; };
		E89A870D2FAE2672002CDEBB /* MacroData.swift in Sources */ = {isa = PBXBuildFile; fileRef = E89A870C2FAE2672002CDEBB /* MacroData.swift */; };
		E89A870F2FAE86CD002CDEBB /* AppIcon.icon in Resources */ = {isa = PBXBuildFile; fileRef = E89A870E2FAE86CD002CDEBB /* AppIcon.icon */; };
		E89A87132FAEA187002CDEBB /* FoodInstance.swift in Sources */ = {isa = PBXBuildFile; fileRef = E89A87122FAEA187002CDEBB /* FoodInstance.swift */; };
		E89A87162FAEA44E002CDEBB /* InventoryView.swift in Sources */ = {isa = PBXBuildFile; fileRef = E89A87152FAEA44E002CDEBB /* InventoryView.swift */; };
		E89D08C72C7CFFDF005AE1EF /* FoodDatabaseDocument.swift in Sources */ = {isa = PBXBuildFile; fileRef = E89D08C62C7CFFDF005AE1EF /* FoodDatabaseDocument.swift */; };
		E8A5F5142D3EC7AD00377624 /* RecipeEntryIngredientSheet.swift in Sources */ = {isa = PBXBuildFile; fileRef = E8A5F5132D3EC7A400377624 /* RecipeEntryIngredientSheet.swift */; };
		E8A5F5162D3EDD6C00377624 /* RecipeEntryPreview.swift in Sources */ = {isa = PBXBuildFile; fileRef = E8A5F5152D3EDD6700377624 /* RecipeEntryPreview.swift */; };
		E8AD4B692D35FEA300C1B30A /* Colors.swift in Sources */ = {isa = PBXBuildFile; fileRef = E8AD4B682D35FEA000C1B30A /* Colors.swift */; };
		E8C61F252F9C2257000EA054 /* MealsView.swift in Sources */ = {isa = PBXBuildFile; fileRef = E8C61F242F9C2257000EA054 /* MealsView.swift */; };
		E8C61F272F9C29C8000EA054 /* MealView.swift in Sources */ = {isa = PBXBuildFile; fileRef = E8C61F262F9C29C8000EA054 /* MealView.swift */; };
		E8C61F2B2F9C408F000EA054 /* MealEditView.swift in Sources */ = {isa = PBXBuildFile; fileRef = E8C61F2A2F9C408F000EA054 /* MealEditView.swift */; };
		E8C61F2D2F9C412C000EA054 /* MealEditItem.swift in Sources */ = {isa = PBXBuildFile; fileRef = E8C61F2C2F9C412C000EA054 /* MealEditItem.swift */; };
		E8C61F2F2F9C4359000EA054 /* MealItemSheet.swift in Sources */ = {isa = PBXBuildFile; fileRef = E8C61F2E2F9C4359000EA054 /* MealItemSheet.swift */; };
		E8C61F312F9C50BD000EA054 /* SelectMealSheet.swift in Sources */ = {isa = PBXBuildFile; fileRef = E8C61F302F9C50BD000EA054 /* SelectMealSheet.swift */; };
		E8CFEC592E521140002B6268 /* Meal.swift in Sources */ = {isa = PBXBuildFile; fileRef = E8CFEC582E521139002B6268 /* Meal.swift */; };
		E8D33C472D3A831800EE8555 /* Amount.swift in Sources */ = {isa = PBXBuildFile; fileRef = E8D33C462D3A830F00EE8555 /* Amount.swift */; };
		E8D33C4B2D3A8EDD00EE8555 /* Units.swift in Sources */ = {isa = PBXBuildFile; fileRef = E8D33C4A2D3A8ED900EE8555 /* Units.swift */; };
		E8D33C4D2D3A971D00EE8555 /* RatingTier.swift in Sources */ = {isa = PBXBuildFile; fileRef = E8D33C4C2D3A971800EE8555 /* RatingTier.swift */; };
		E8D33C4F2D3AA2A700EE8555 /* Currency.swift in Sources */ = {isa = PBXBuildFile; fileRef = E8D33C4E2D3AA2A500EE8555 /* Currency.swift */; };
		E8E7024B2D33F6CF00FB7013 /* CurrencyField.swift in Sources */ = {isa = PBXBuildFile; fileRef = E8E7024A2D33F6CF00FB7013 /* CurrencyField.swift */; };
		E8E7024D2D33F9CD00FB7013 /* NavigationStore.swift in Sources */ = {isa = PBXBuildFile; fileRef = E8E7024C2D33F9CD00FB7013 /* NavigationStore.swift */; };
		E8E7024F2D33FBA000FB7013 /* MainUtilities.swift in Sources */ = {isa = PBXBuildFile; fileRef = E8E7024E2D33FBA000FB7013 /* MainUtilities.swift */; };
		E8E702562D3408D200FB7013 /* NutrientPieChart.swift in Sources */ = {isa = PBXBuildFile; fileRef = E8E702552D3408CF00FB7013 /* NutrientPieChart.swift */; };
		E8E702582D340C1200FB7013 /* MockDataPreviewModifier.swift in Sources */ = {isa = PBXBuildFile; fileRef = E8E702572D340C1200FB7013 /* MockDataPreviewModifier.swift */; };
		E8E883232FAEAD4200E07B28 /* AddFoodInstanceView.swift in Sources */ = {isa = PBXBuildFile; fileRef = E8E883222FAEAD4200E07B28 /* AddFoodInstanceView.swift */; };
		E8E9AE352D3F5C8100B2A193 /* RecipeLogEntry.swift in Sources */ = {isa = PBXBuildFile; fileRef = E8E9AE342D3F5C7E00B2A193 /* RecipeLogEntry.swift */; };
		E8E9AE372D3FDD1B00B2A193 /* OptionalDatePicker.swift in Sources */ = {isa = PBXBuildFile; fileRef = E8E9AE362D3FDD1500B2A193 /* OptionalDatePicker.swift */; };
		E8E9AE392D4121C800B2A193 /* LogEntry.swift in Sources */ = {isa = PBXBuildFile; fileRef = E8E9AE382D4121C400B2A193 /* LogEntry.swift */; };
		E8E9AE3F2D41299F00B2A193 /* SelectRecipeEntrySheet.swift in Sources */ = {isa = PBXBuildFile; fileRef = E8E9AE3E2D41299900B2A193 /* SelectRecipeEntrySheet.swift */; };
		E8E9AE432D41EC4B00B2A193 /* LogEntryItem.swift in Sources */ = {isa = PBXBuildFile; fileRef = E8E9AE422D41EC4800B2A193 /* LogEntryItem.swift */; };
		E8E9AE452D41F1C500B2A193 /* LogEntryEditView.swift in Sources */ = {isa = PBXBuildFile; fileRef = E8E9AE442D41F1BF00B2A193 /* LogEntryEditView.swift */; };
		E8EB88062D3B15EC00861685 /* FoodDatabaseView.swift in Sources */ = {isa = PBXBuildFile; fileRef = E8EB88052D3B15D900861685 /* FoodDatabaseView.swift */; };
		E8EB88092D3B1E7B00861685 /* Food.swift in Sources */ = {isa = PBXBuildFile; fileRef = E8EB88082D3B1E6600861685 /* Food.swift */; };
		E8EB880D2D3B479B00861685 /* FoodView.swift in Sources */ = {isa = PBXBuildFile; fileRef = E8EB880C2D3B479500861685 /* FoodView.swift */; };
		E8EB88122D3B670C00861685 /* FoodLogEntry.swift in Sources */ = {isa = PBXBuildFile; fileRef = E8EB88112D3B66F000861685 /* FoodLogEntry.swift */; };
		E8EB88172D3B708700861685 /* LogFoodItemEntryPreview.swift in Sources */ = {isa = PBXBuildFile; fileRef = E8EB88162D3B708700861685 /* LogFoodItemEntryPreview.swift */; };
		E8EB881D2D3C0A2100861685 /* OptionalCurrencyField.swift in Sources */ = {isa = PBXBuildFile; fileRef = E8EB881C2D3C0A2100861685 /* OptionalCurrencyField.swift */; };
		E8EB881F2D3C103800861685 /* AmountField.swift in Sources */ = {isa = PBXBuildFile; fileRef = E8EB881E2D3C102D00861685 /* AmountField.swift */; };
		E8EB88222D3C1CFC00861685 /* SelectFoodSheet.swift in Sources */ = {isa = PBXBuildFile; fileRef = E8EB88212D3C1CF600861685 /* SelectFoodSheet.swift */; };
		E8EB88242D3C265F00861685 /* ScaledAmountField.swift in Sources */ = {isa = PBXBuildFile; fileRef = E8EB88232D3C265F00861685 /* ScaledAmountField.swift */; };
		E8EB88262D3D303500861685 /* FoodEditView.swift in Sources */ = {isa = PBXBuildFile; fileRef = E8EB88252D3D303000861685 /* FoodEditView.swift */; };
		E8EB88282D3D306C00861685 /* FoodItem.swift in Sources */ = {isa = PBXBuildFile; fileRef = E8EB88272D3D306000861685 /* FoodItem.swift */; };
		E8EB882B2D3D553D00861685 /* StoreEntryEditSheet.swift in Sources */ = {isa = PBXBuildFile; fileRef = E8EB882A2D3D553D00861685 /* StoreEntryEditSheet.swift */; };
		E8EB882D2D3D55BF00861685 /* FoodPreview.swift in Sources */ = {isa = PBXBuildFile; fileRef = E8EB882C2D3D55BA00861685 /* FoodPreview.swift */; };
/* End PBXBuildFile section */

/* Begin PBXContainerItemProxy section */
		E860ACF12C3EFBE9007E65DE /* PBXContainerItemProxy */ = {
			isa = PBXContainerItemProxy;
			containerPortal = E860ACD62C3EFBE5007E65DE /* Project object */;
			proxyType = 1;
			remoteGlobalIDString = E860ACDD2C3EFBE5007E65DE;
			remoteInfo = Persephone;
		};
		E860ACFB2C3EFBE9007E65DE /* PBXContainerItemProxy */ = {
			isa = PBXContainerItemProxy;
			containerPortal = E860ACD62C3EFBE5007E65DE /* Project object */;
			proxyType = 1;
			remoteGlobalIDString = E860ACDD2C3EFBE5007E65DE;
			remoteInfo = Persephone;
		};
/* End PBXContainerItemProxy section */

/* Begin PBXFileReference section */
		E80E2B4D2FABC2B5006FAC4A /* LogWeekView.swift */ = {isa = PBXFileReference; lastKnownFileType = sourcecode.swift; path = LogWeekView.swift; sourceTree = "<group>"; };
		E80E2B502FABD124006FAC4A /* MiniNutrientPieChart.swift */ = {isa = PBXFileReference; lastKnownFileType = sourcecode.swift; path = MiniNutrientPieChart.swift; sourceTree = "<group>"; };
		E80E2B532FAC41CB006FAC4A /* LogEntryListView.swift */ = {isa = PBXFileReference; lastKnownFileType = sourcecode.swift; path = LogEntryListView.swift; sourceTree = "<group>"; };
		E80E2B552FACE86B006FAC4A /* SaveLogEntryAmountSheet.swift */ = {isa = PBXFileReference; lastKnownFileType = sourcecode.swift; path = SaveLogEntryAmountSheet.swift; sourceTree = "<group>"; };
		E80E2C452C400B0800D35BE7 /* Schema.swift */ = {isa = PBXFileReference; lastKnownFileType = sourcecode.swift; path = Schema.swift; sourceTree = "<group>"; };
		E80E2C4F2C41C00600D35BE7 /* Info.plist */ = {isa = PBXFileReference; lastKnownFileType = text.plist; path = Info.plist; sourceTree = "<group>"; };
		E80E2C502C41C23200D35BE7 /* ScannerView.swift */ = {isa = PBXFileReference; lastKnownFileType = sourcecode.swift; path = ScannerView.swift; sourceTree = "<group>"; };
		E82CFBD92C3F078D0055C6B2 /* MainView.swift */ = {isa = PBXFileReference; lastKnownFileType = sourcecode.swift; path = MainView.swift; sourceTree = "<group>"; };
		E85AE3CD2D0797AE00CA9D0C /* Persephone.entitlements */ = {isa = PBXFileReference; lastKnownFileType = text.plist.entitlements; path = Persephone.entitlements; sourceTree = "<group>"; };
		E860ACDE2C3EFBE5007E65DE /* Persephone.app */ = {isa = PBXFileReference; explicitFileType = wrapper.application; includeInIndex = 0; path = Persephone.app; sourceTree = BUILT_PRODUCTS_DIR; };
		E860ACE12C3EFBE5007E65DE /* PersephoneApp.swift */ = {isa = PBXFileReference; lastKnownFileType = sourcecode.swift; path = PersephoneApp.swift; sourceTree = "<group>"; };
		E860ACE72C3EFBE8007E65DE /* Assets.xcassets */ = {isa = PBXFileReference; lastKnownFileType = folder.assetcatalog; path = Assets.xcassets; sourceTree = "<group>"; };
		E860ACEA2C3EFBE8007E65DE /* Preview Assets.xcassets */ = {isa = PBXFileReference; lastKnownFileType = folder.assetcatalog; path = "Preview Assets.xcassets"; sourceTree = "<group>"; };
		E860ACF02C3EFBE9007E65DE /* PersephoneTests.xctest */ = {isa = PBXFileReference; explicitFileType = wrapper.cfbundle; includeInIndex = 0; path = PersephoneTests.xctest; sourceTree = BUILT_PRODUCTS_DIR; };
		E860ACF42C3EFBE9007E65DE /* PersephoneTests.swift */ = {isa = PBXFileReference; lastKnownFileType = sourcecode.swift; path = PersephoneTests.swift; sourceTree = "<group>"; };
		E860ACFA2C3EFBE9007E65DE /* PersephoneUITests.xctest */ = {isa = PBXFileReference; explicitFileType = wrapper.cfbundle; includeInIndex = 0; path = PersephoneUITests.xctest; sourceTree = BUILT_PRODUCTS_DIR; };
		E860ACFE2C3EFBE9007E65DE /* PersephoneUITests.swift */ = {isa = PBXFileReference; lastKnownFileType = sourcecode.swift; path = PersephoneUITests.swift; sourceTree = "<group>"; };
		E860AD002C3EFBE9007E65DE /* PersephoneUITestsLaunchTests.swift */ = {isa = PBXFileReference; lastKnownFileType = sourcecode.swift; path = PersephoneUITestsLaunchTests.swift; sourceTree = "<group>"; };
		E867E6652D343AF8001917C0 /* LogbookPieChart.swift */ = {isa = PBXFileReference; lastKnownFileType = sourcecode.swift; path = LogbookPieChart.swift; sourceTree = "<group>"; };
		E867E6672D343FDA001917C0 /* ModelUtilities.swift */ = {isa = PBXFileReference; lastKnownFileType = sourcecode.swift; path = ModelUtilities.swift; sourceTree = "<group>"; };
		E8743B9C2C51FB0E00E1B871 /* SheetCoordinator.swift */ = {isa = PBXFileReference; lastKnownFileType = sourcecode.swift; path = SheetCoordinator.swift; sourceTree = "<group>"; };
		E8743BA22C52DC6300E1B871 /* NutrientsEditSheet.swift */ = {isa = PBXFileReference; lastKnownFileType = sourcecode.swift; path = NutrientsEditSheet.swift; sourceTree = "<group>"; };
		E8743BA42C5344D000E1B871 /* NutrientsView.swift */ = {isa = PBXFileReference; lastKnownFileType = sourcecode.swift; path = NutrientsView.swift; sourceTree = "<group>"; };
		E87A69B92F9D256400F09356 /* .gitignore */ = {isa = PBXFileReference; lastKnownFileType = text; path = .gitignore; sourceTree = "<group>"; };
		E8828ECC2C4DC43C006C7CB3 /* README.md */ = {isa = PBXFileReference; lastKnownFileType = net.daringfireball.markdown; path = README.md; sourceTree = "<group>"; };
		E8828ECD2C4DC456006C7CB3 /* CHANGELOG.md */ = {isa = PBXFileReference; lastKnownFileType = net.daringfireball.markdown; path = CHANGELOG.md; sourceTree = "<group>"; };
		E8828ED42C4F5871006C7CB3 /* Nutrients.swift */ = {isa = PBXFileReference; lastKnownFileType = sourcecode.swift; path = Nutrients.swift; sourceTree = "<group>"; };
		E8828EE22C50F78D006C7CB3 /* FoodDatabaseEndpoint.swift */ = {isa = PBXFileReference; lastKnownFileType = sourcecode.swift; path = FoodDatabaseEndpoint.swift; sourceTree = "<group>"; };
		E8828EE42C50F85B006C7CB3 /* FoodDataCentralEndpoint.swift */ = {isa = PBXFileReference; lastKnownFileType = sourcecode.swift; path = FoodDataCentralEndpoint.swift; sourceTree = "<group>"; };
		E8828EE62C5169E2006C7CB3 /* OpenFoodFactsEndpoint.swift */ = {isa = PBXFileReference; lastKnownFileType = sourcecode.swift; path = OpenFoodFactsEndpoint.swift; sourceTree = "<group>"; };
		E885CC742D3E90460041364D /* RecipeEntry.swift */ = {isa = PBXFileReference; lastKnownFileType = sourcecode.swift; path = RecipeEntry.swift; sourceTree = "<group>"; };
		E885CC772D3E9E690041364D /* RecipeEntryEditView.swift */ = {isa = PBXFileReference; lastKnownFileType = sourcecode.swift; path = RecipeEntryEditView.swift; sourceTree = "<group>"; };
		E885CC7B2D3E9EED0041364D /* CookbookView.swift */ = {isa = PBXFileReference; lastKnownFileType = sourcecode.swift; path = CookbookView.swift; sourceTree = "<group>"; };
		E885CC7D2D3EA8AA0041364D /* RecipeEntryItem.swift */ = {isa = PBXFileReference; lastKnownFileType = sourcecode.swift; path = RecipeEntryItem.swift; sourceTree = "<group>"; };
		E885CC7F2D3EAC590041364D /* RecipeEntryView.swift */ = {isa = PBXFileReference; lastKnownFileType = sourcecode.swift; path = RecipeEntryView.swift; sourceTree = "<group>"; };
		E89A87022FAD20C8002CDEBB /* AddLogEntryView.swift */ = {isa = PBXFileReference; lastKnownFileType = sourcecode.swift; path = AddLogEntryView.swift; sourceTree = "<group>"; };
		E89A87062FAD9323002CDEBB /* MacroBarChart.swift */ = {isa = PBXFileReference; lastKnownFileType = sourcecode.swift; path = MacroBarChart.swift; sourceTree = "<group>"; };
		E89A870C2FAE2672002CDEBB /* MacroData.swift */ = {isa = PBXFileReference; lastKnownFileType = sourcecode.swift; path = MacroData.swift; sourceTree = "<group>"; };
		E89A870E2FAE86CD002CDEBB /* AppIcon.icon */ = {isa = PBXFileReference; lastKnownFileType = folder.iconcomposer.icon; path = AppIcon.icon; sourceTree = "<group>"; };
		E89A87122FAEA187002CDEBB /* FoodInstance.swift */ = {isa = PBXFileReference; lastKnownFileType = sourcecode.swift; path = FoodInstance.swift; sourceTree = "<group>"; };
		E89A87152FAEA44E002CDEBB /* InventoryView.swift */ = {isa = PBXFileReference; lastKnownFileType = sourcecode.swift; path = InventoryView.swift; sourceTree = "<group>"; };
		E89D08C62C7CFFDF005AE1EF /* FoodDatabaseDocument.swift */ = {isa = PBXFileReference; lastKnownFileType = sourcecode.swift; path = FoodDatabaseDocument.swift; sourceTree = "<group>"; };
		E8A5F5132D3EC7A400377624 /* RecipeEntryIngredientSheet.swift */ = {isa = PBXFileReference; lastKnownFileType = sourcecode.swift; path = RecipeEntryIngredientSheet.swift; sourceTree = "<group>"; };
		E8A5F5152D3EDD6700377624 /* RecipeEntryPreview.swift */ = {isa = PBXFileReference; lastKnownFileType = sourcecode.swift; path = RecipeEntryPreview.swift; sourceTree = "<group>"; };
		E8AD4B682D35FEA000C1B30A /* Colors.swift */ = {isa = PBXFileReference; lastKnownFileType = sourcecode.swift; path = Colors.swift; sourceTree = "<group>"; };
		E8C61F242F9C2257000EA054 /* MealsView.swift */ = {isa = PBXFileReference; lastKnownFileType = sourcecode.swift; path = MealsView.swift; sourceTree = "<group>"; };
		E8C61F262F9C29C8000EA054 /* MealView.swift */ = {isa = PBXFileReference; lastKnownFileType = sourcecode.swift; path = MealView.swift; sourceTree = "<group>"; };
		E8C61F2A2F9C408F000EA054 /* MealEditView.swift */ = {isa = PBXFileReference; lastKnownFileType = sourcecode.swift; path = MealEditView.swift; sourceTree = "<group>"; };
		E8C61F2C2F9C412C000EA054 /* MealEditItem.swift */ = {isa = PBXFileReference; lastKnownFileType = sourcecode.swift; path = MealEditItem.swift; sourceTree = "<group>"; };
		E8C61F2E2F9C4359000EA054 /* MealItemSheet.swift */ = {isa = PBXFileReference; lastKnownFileType = sourcecode.swift; path = MealItemSheet.swift; sourceTree = "<group>"; };
		E8C61F302F9C50BD000EA054 /* SelectMealSheet.swift */ = {isa = PBXFileReference; lastKnownFileType = sourcecode.swift; path = SelectMealSheet.swift; sourceTree = "<group>"; };
		E8CFEC582E521139002B6268 /* Meal.swift */ = {isa = PBXFileReference; lastKnownFileType = sourcecode.swift; path = Meal.swift; sourceTree = "<group>"; };
		E8D33C462D3A830F00EE8555 /* Amount.swift */ = {isa = PBXFileReference; lastKnownFileType = sourcecode.swift; path = Amount.swift; sourceTree = "<group>"; };
		E8D33C4A2D3A8ED900EE8555 /* Units.swift */ = {isa = PBXFileReference; lastKnownFileType = sourcecode.swift; path = Units.swift; sourceTree = "<group>"; };
		E8D33C4C2D3A971800EE8555 /* RatingTier.swift */ = {isa = PBXFileReference; lastKnownFileType = sourcecode.swift; path = RatingTier.swift; sourceTree = "<group>"; };
		E8D33C4E2D3AA2A500EE8555 /* Currency.swift */ = {isa = PBXFileReference; lastKnownFileType = sourcecode.swift; path = Currency.swift; sourceTree = "<group>"; };
		E8E7024A2D33F6CF00FB7013 /* CurrencyField.swift */ = {isa = PBXFileReference; lastKnownFileType = sourcecode.swift; path = CurrencyField.swift; sourceTree = "<group>"; };
		E8E7024C2D33F9CD00FB7013 /* NavigationStore.swift */ = {isa = PBXFileReference; lastKnownFileType = sourcecode.swift; path = NavigationStore.swift; sourceTree = "<group>"; };
		E8E7024E2D33FBA000FB7013 /* MainUtilities.swift */ = {isa = PBXFileReference; lastKnownFileType = sourcecode.swift; path = MainUtilities.swift; sourceTree = "<group>"; };
		E8E702552D3408CF00FB7013 /* NutrientPieChart.swift */ = {isa = PBXFileReference; lastKnownFileType = sourcecode.swift; path = NutrientPieChart.swift; sourceTree = "<group>"; };
		E8E702572D340C1200FB7013 /* MockDataPreviewModifier.swift */ = {isa = PBXFileReference; lastKnownFileType = sourcecode.swift; path = MockDataPreviewModifier.swift; sourceTree = "<group>"; };
		E8E883222FAEAD4200E07B28 /* AddFoodInstanceView.swift */ = {isa = PBXFileReference; lastKnownFileType = sourcecode.swift; path = AddFoodInstanceView.swift; sourceTree = "<group>"; };
		E8E9AE342D3F5C7E00B2A193 /* RecipeLogEntry.swift */ = {isa = PBXFileReference; lastKnownFileType = sourcecode.swift; path = RecipeLogEntry.swift; sourceTree = "<group>"; };
		E8E9AE362D3FDD1500B2A193 /* OptionalDatePicker.swift */ = {isa = PBXFileReference; lastKnownFileType = sourcecode.swift; path = OptionalDatePicker.swift; sourceTree = "<group>"; };
		E8E9AE382D4121C400B2A193 /* LogEntry.swift */ = {isa = PBXFileReference; lastKnownFileType = sourcecode.swift; path = LogEntry.swift; sourceTree = "<group>"; };
		E8E9AE3E2D41299900B2A193 /* SelectRecipeEntrySheet.swift */ = {isa = PBXFileReference; lastKnownFileType = sourcecode.swift; path = SelectRecipeEntrySheet.swift; sourceTree = "<group>"; };
		E8E9AE422D41EC4800B2A193 /* LogEntryItem.swift */ = {isa = PBXFileReference; lastKnownFileType = sourcecode.swift; path = LogEntryItem.swift; sourceTree = "<group>"; };
		E8E9AE442D41F1BF00B2A193 /* LogEntryEditView.swift */ = {isa = PBXFileReference; lastKnownFileType = sourcecode.swift; path = LogEntryEditView.swift; sourceTree = "<group>"; };
		E8EB88052D3B15D900861685 /* FoodDatabaseView.swift */ = {isa = PBXFileReference; lastKnownFileType = sourcecode.swift; path = FoodDatabaseView.swift; sourceTree = "<group>"; };
		E8EB88082D3B1E6600861685 /* Food.swift */ = {isa = PBXFileReference; lastKnownFileType = sourcecode.swift; path = Food.swift; sourceTree = "<group>"; };
		E8EB880C2D3B479500861685 /* FoodView.swift */ = {isa = PBXFileReference; lastKnownFileType = sourcecode.swift; path = FoodView.swift; sourceTree = "<group>"; };
		E8EB88112D3B66F000861685 /* FoodLogEntry.swift */ = {isa = PBXFileReference; lastKnownFileType = sourcecode.swift; path = FoodLogEntry.swift; sourceTree = "<group>"; };
		E8EB88162D3B708700861685 /* LogFoodItemEntryPreview.swift */ = {isa = PBXFileReference; lastKnownFileType = sourcecode.swift; path = LogFoodItemEntryPreview.swift; sourceTree = "<group>"; };
		E8EB881C2D3C0A2100861685 /* OptionalCurrencyField.swift */ = {isa = PBXFileReference; lastKnownFileType = sourcecode.swift; path = OptionalCurrencyField.swift; sourceTree = "<group>"; };
		E8EB881E2D3C102D00861685 /* AmountField.swift */ = {isa = PBXFileReference; lastKnownFileType = sourcecode.swift; path = AmountField.swift; sourceTree = "<group>"; };
		E8EB88212D3C1CF600861685 /* SelectFoodSheet.swift */ = {isa = PBXFileReference; lastKnownFileType = sourcecode.swift; path = SelectFoodSheet.swift; sourceTree = "<group>"; };
		E8EB88232D3C265F00861685 /* ScaledAmountField.swift */ = {isa = PBXFileReference; lastKnownFileType = sourcecode.swift; path = ScaledAmountField.swift; sourceTree = "<group>"; };
		E8EB88252D3D303000861685 /* FoodEditView.swift */ = {isa = PBXFileReference; lastKnownFileType = sourcecode.swift; path = FoodEditView.swift; sourceTree = "<group>"; };
		E8EB88272D3D306000861685 /* FoodItem.swift */ = {isa = PBXFileReference; lastKnownFileType = sourcecode.swift; path = FoodItem.swift; sourceTree = "<group>"; };
		E8EB882A2D3D553D00861685 /* StoreEntryEditSheet.swift */ = {isa = PBXFileReference; lastKnownFileType = sourcecode.swift; path = StoreEntryEditSheet.swift; sourceTree = "<group>"; };
		E8EB882C2D3D55BA00861685 /* FoodPreview.swift */ = {isa = PBXFileReference; lastKnownFileType = sourcecode.swift; path = FoodPreview.swift; sourceTree = "<group>"; };
/* End PBXFileReference section */

/* Begin PBXFrameworksBuildPhase section */
		E860ACDB2C3EFBE5007E65DE /* Frameworks */ = {
			isa = PBXFrameworksBuildPhase;
			buildActionMask = 2147483647;
			files = (
			);
			runOnlyForDeploymentPostprocessing = 0;
		};
		E860ACED2C3EFBE9007E65DE /* Frameworks */ = {
			isa = PBXFrameworksBuildPhase;
			buildActionMask = 2147483647;
			files = (
			);
			runOnlyForDeploymentPostprocessing = 0;
		};
		E860ACF72C3EFBE9007E65DE /* Frameworks */ = {
			isa = PBXFrameworksBuildPhase;
			buildActionMask = 2147483647;
			files = (
			);
			runOnlyForDeploymentPostprocessing = 0;
		};
/* End PBXFrameworksBuildPhase section */

/* Begin PBXGroup section */
		E80E2C3E2C3F6C6700D35BE7 /* UI */ = {
			isa = PBXGroup;
			children = (
				E8AD4B682D35FEA000C1B30A /* Colors.swift */,
				E8EB881E2D3C102D00861685 /* AmountField.swift */,
				E8EB88232D3C265F00861685 /* ScaledAmountField.swift */,
				E8EB881C2D3C0A2100861685 /* OptionalCurrencyField.swift */,
				E8E7024A2D33F6CF00FB7013 /* CurrencyField.swift */,
				E8E9AE362D3FDD1500B2A193 /* OptionalDatePicker.swift */,
				E8743B9C2C51FB0E00E1B871 /* SheetCoordinator.swift */,
				E80E2C502C41C23200D35BE7 /* ScannerView.swift */,
			);
			path = UI;
			sourceTree = "<group>";
		};
		E82CFBDD2C3F0E150055C6B2 /* Model */ = {
			isa = PBXGroup;
			children = (
				E80E2C452C400B0800D35BE7 /* Schema.swift */,
				E8D33C462D3A830F00EE8555 /* Amount.swift */,
				E8D33C4A2D3A8ED900EE8555 /* Units.swift */,
				E8828ED42C4F5871006C7CB3 /* Nutrients.swift */,
				E8D33C4E2D3AA2A500EE8555 /* Currency.swift */,
				E8D33C4C2D3A971800EE8555 /* RatingTier.swift */,
				E847B1E82C58315B0084CD13 /* V1 */,
			);
			path = Model;
			sourceTree = "<group>";
		};
		E82CFBDE2C3F0E1F0055C6B2 /* View */ = {
			isa = PBXGroup;
			children = (
				E82CFBD92C3F078D0055C6B2 /* MainView.swift */,
				E8E702522D34089A00FB7013 /* Chart */,
				E8EB88042D3B15C000861685 /* Database */,
				E885CC762D3E9E5B0041364D /* Recipe */,
				E8EB880E2D3B661D00861685 /* Logbook */,
				E89A87142FAEA3BC002CDEBB /* Inventory */,
			);
			path = View;
			sourceTree = "<group>";
		};
		E847B1E82C58315B0084CD13 /* V1 */ = {
			isa = PBXGroup;
			children = (
				E8EB88082D3B1E6600861685 /* Food.swift */,
				E89A87122FAEA187002CDEBB /* FoodInstance.swift */,
				E8EB88112D3B66F000861685 /* FoodLogEntry.swift */,
				E8CFEC582E521139002B6268 /* Meal.swift */,
				E885CC742D3E90460041364D /* RecipeEntry.swift */,
				E8E9AE342D3F5C7E00B2A193 /* RecipeLogEntry.swift */,
			);
			path = V1;
			sourceTree = "<group>";
		};
		E860ACD52C3EFBE5007E65DE = {
			isa = PBXGroup;
			children = (
				E8828ECD2C4DC456006C7CB3 /* CHANGELOG.md */,
				E8828ECC2C4DC43C006C7CB3 /* README.md */,
				E87A69B92F9D256400F09356 /* .gitignore */,
				E860ACE02C3EFBE5007E65DE /* Persephone */,
				E860ACF32C3EFBE9007E65DE /* PersephoneTests */,
				E860ACFD2C3EFBE9007E65DE /* PersephoneUITests */,
				E860ACDF2C3EFBE5007E65DE /* Products */,
			);
			sourceTree = "<group>";
		};
		E860ACDF2C3EFBE5007E65DE /* Products */ = {
			isa = PBXGroup;
			children = (
				E860ACDE2C3EFBE5007E65DE /* Persephone.app */,
				E860ACF02C3EFBE9007E65DE /* PersephoneTests.xctest */,
				E860ACFA2C3EFBE9007E65DE /* PersephoneUITests.xctest */,
			);
			name = Products;
			sourceTree = "<group>";
		};
		E860ACE02C3EFBE5007E65DE /* Persephone */ = {
			isa = PBXGroup;
			children = (
				E85AE3CD2D0797AE00CA9D0C /* Persephone.entitlements */,
				E860ACE12C3EFBE5007E65DE /* PersephoneApp.swift */,
				E8E7024C2D33F9CD00FB7013 /* NavigationStore.swift */,
				E8E7024E2D33FBA000FB7013 /* MainUtilities.swift */,
				E867E6672D343FDA001917C0 /* ModelUtilities.swift */,
				E8E702572D340C1200FB7013 /* MockDataPreviewModifier.swift */,
				E82CFBDD2C3F0E150055C6B2 /* Model */,
				E82CFBDE2C3F0E1F0055C6B2 /* View */,
				E80E2C3E2C3F6C6700D35BE7 /* UI */,
				E8828EDF2C50F703006C7CB3 /* Util */,
				E860ACE72C3EFBE8007E65DE /* Assets.xcassets */,
				E89A870E2FAE86CD002CDEBB /* AppIcon.icon */,
				E80E2C4F2C41C00600D35BE7 /* Info.plist */,
				E860ACE92C3EFBE8007E65DE /* Preview Content */,
			);
			path = Persephone;
			sourceTree = "<group>";
		};
		E860ACE92C3EFBE8007E65DE /* Preview Content */ = {
			isa = PBXGroup;
			children = (
				E860ACEA2C3EFBE8007E65DE /* Preview Assets.xcassets */,
			);
			path = "Preview Content";
			sourceTree = "<group>";
		};
		E860ACF32C3EFBE9007E65DE /* PersephoneTests */ = {
			isa = PBXGroup;
			children = (
				E860ACF42C3EFBE9007E65DE /* PersephoneTests.swift */,
			);
			path = PersephoneTests;
			sourceTree = "<group>";
		};
		E860ACFD2C3EFBE9007E65DE /* PersephoneUITests */ = {
			isa = PBXGroup;
			children = (
				E860ACFE2C3EFBE9007E65DE /* PersephoneUITests.swift */,
				E860AD002C3EFBE9007E65DE /* PersephoneUITestsLaunchTests.swift */,
			);
			path = PersephoneUITests;
			sourceTree = "<group>";
		};
		E8828EDF2C50F703006C7CB3 /* Util */ = {
			isa = PBXGroup;
			children = (
				E8828EE22C50F78D006C7CB3 /* FoodDatabaseEndpoint.swift */,
				E8828EE42C50F85B006C7CB3 /* FoodDataCentralEndpoint.swift */,
				E8828EE62C5169E2006C7CB3 /* OpenFoodFactsEndpoint.swift */,
				E89D08C62C7CFFDF005AE1EF /* FoodDatabaseDocument.swift */,
			);
			path = Util;
			sourceTree = "<group>";
		};
		E885CC762D3E9E5B0041364D /* Recipe */ = {
			isa = PBXGroup;
			children = (
				E885CC7B2D3E9EED0041364D /* CookbookView.swift */,
				E885CC7F2D3EAC590041364D /* RecipeEntryView.swift */,
				E8A5F5152D3EDD6700377624 /* RecipeEntryPreview.swift */,
				E885CC7D2D3EA8AA0041364D /* RecipeEntryItem.swift */,
				E885CC772D3E9E690041364D /* RecipeEntryEditView.swift */,
				E8A5F5132D3EC7A400377624 /* RecipeEntryIngredientSheet.swift */,
			);
			path = Recipe;
			sourceTree = "<group>";
		};
		E89A87142FAEA3BC002CDEBB /* Inventory */ = {
			isa = PBXGroup;
			children = (
				E89A87152FAEA44E002CDEBB /* InventoryView.swift */,
				E8E883222FAEAD4200E07B28 /* AddFoodInstanceView.swift */,
			);
			path = Inventory;
			sourceTree = "<group>";
		};
		E8E702522D34089A00FB7013 /* Chart */ = {
			isa = PBXGroup;
			children = (
				E89A870C2FAE2672002CDEBB /* MacroData.swift */,
				E867E6652D343AF8001917C0 /* LogbookPieChart.swift */,
				E8E702552D3408CF00FB7013 /* NutrientPieChart.swift */,
				E80E2B502FABD124006FAC4A /* MiniNutrientPieChart.swift */,
				E8743BA42C5344D000E1B871 /* NutrientsView.swift */,
				E89A87062FAD9323002CDEBB /* MacroBarChart.swift */,
			);
			path = Chart;
			sourceTree = "<group>";
		};
		E8EB88042D3B15C000861685 /* Database */ = {
			isa = PBXGroup;
			children = (
				E8EB88052D3B15D900861685 /* FoodDatabaseView.swift */,
				E8EB880C2D3B479500861685 /* FoodView.swift */,
				E8EB882C2D3D55BA00861685 /* FoodPreview.swift */,
				E8EB88272D3D306000861685 /* FoodItem.swift */,
				E8EB88252D3D303000861685 /* FoodEditView.swift */,
				E8743BA22C52DC6300E1B871 /* NutrientsEditSheet.swift */,
				E8EB882A2D3D553D00861685 /* StoreEntryEditSheet.swift */,
			);
			path = Database;
			sourceTree = "<group>";
		};
		E8EB880E2D3B661D00861685 /* Logbook */ = {
			isa = PBXGroup;
			children = (
				E80E2B4D2FABC2B5006FAC4A /* LogWeekView.swift */,
				E8E9AE382D4121C400B2A193 /* LogEntry.swift */,
				E80E2B532FAC41CB006FAC4A /* LogEntryListView.swift */,
				E8EB88162D3B708700861685 /* LogFoodItemEntryPreview.swift */,
				E8E9AE422D41EC4800B2A193 /* LogEntryItem.swift */,
				E89A87022FAD20C8002CDEBB /* AddLogEntryView.swift */,
				E8E9AE442D41F1BF00B2A193 /* LogEntryEditView.swift */,
				E8C61F242F9C2257000EA054 /* MealsView.swift */,
				E8C61F262F9C29C8000EA054 /* MealView.swift */,
				E8C61F2C2F9C412C000EA054 /* MealEditItem.swift */,
				E8C61F2A2F9C408F000EA054 /* MealEditView.swift */,
				E8C61F2E2F9C4359000EA054 /* MealItemSheet.swift */,
				E8EB88212D3C1CF600861685 /* SelectFoodSheet.swift */,
				E8E9AE3E2D41299900B2A193 /* SelectRecipeEntrySheet.swift */,
				E8C61F302F9C50BD000EA054 /* SelectMealSheet.swift */,
				E80E2B552FACE86B006FAC4A /* SaveLogEntryAmountSheet.swift */,
			);
			path = Logbook;
			sourceTree = "<group>";
		};
/* End PBXGroup section */

/* Begin PBXNativeTarget section */
		E860ACDD2C3EFBE5007E65DE /* Persephone */ = {
			isa = PBXNativeTarget;
			buildConfigurationList = E860AD042C3EFBE9007E65DE /* Build configuration list for PBXNativeTarget "Persephone" */;
			buildPhases = (
				E860ACDA2C3EFBE5007E65DE /* Sources */,
				E860ACDB2C3EFBE5007E65DE /* Frameworks */,
				E860ACDC2C3EFBE5007E65DE /* Resources */,
			);
			buildRules = (
			);
			dependencies = (
			);
			name = Persephone;
			productName = Persephone;
			productReference = E860ACDE2C3EFBE5007E65DE /* Persephone.app */;
			productType = "com.apple.product-type.application";
		};
		E860ACEF2C3EFBE9007E65DE /* PersephoneTests */ = {
			isa = PBXNativeTarget;
			buildConfigurationList = E860AD072C3EFBE9007E65DE /* Build configuration list for PBXNativeTarget "PersephoneTests" */;
			buildPhases = (
				E860ACEC2C3EFBE9007E65DE /* Sources */,
				E860ACED2C3EFBE9007E65DE /* Frameworks */,
				E860ACEE2C3EFBE9007E65DE /* Resources */,
			);
			buildRules = (
			);
			dependencies = (
				E860ACF22C3EFBE9007E65DE /* PBXTargetDependency */,
			);
			name = PersephoneTests;
			productName = PersephoneTests;
			productReference = E860ACF02C3EFBE9007E65DE /* PersephoneTests.xctest */;
			productType = "com.apple.product-type.bundle.unit-test";
		};
		E860ACF92C3EFBE9007E65DE /* PersephoneUITests */ = {
			isa = PBXNativeTarget;
			buildConfigurationList = E860AD0A2C3EFBE9007E65DE /* Build configuration list for PBXNativeTarget "PersephoneUITests" */;
			buildPhases = (
				E860ACF62C3EFBE9007E65DE /* Sources */,
				E860ACF72C3EFBE9007E65DE /* Frameworks */,
				E860ACF82C3EFBE9007E65DE /* Resources */,
			);
			buildRules = (
			);
			dependencies = (
				E860ACFC2C3EFBE9007E65DE /* PBXTargetDependency */,
			);
			name = PersephoneUITests;
			productName = PersephoneUITests;
			productReference = E860ACFA2C3EFBE9007E65DE /* PersephoneUITests.xctest */;
			productType = "com.apple.product-type.bundle.ui-testing";
		};
/* End PBXNativeTarget section */

/* Begin PBXProject section */
		E860ACD62C3EFBE5007E65DE /* Project object */ = {
			isa = PBXProject;
			attributes = {
				BuildIndependentTargetsInParallel = 1;
				LastSwiftUpdateCheck = 1540;
				LastUpgradeCheck = 2640;
				TargetAttributes = {
					E860ACDD2C3EFBE5007E65DE = {
						CreatedOnToolsVersion = 15.4;
					};
					E860ACEF2C3EFBE9007E65DE = {
						CreatedOnToolsVersion = 15.4;
						TestTargetID = E860ACDD2C3EFBE5007E65DE;
					};
					E860ACF92C3EFBE9007E65DE = {
						CreatedOnToolsVersion = 15.4;
						TestTargetID = E860ACDD2C3EFBE5007E65DE;
					};
				};
			};
			buildConfigurationList = E860ACD92C3EFBE5007E65DE /* Build configuration list for PBXProject "Persephone" */;
			compatibilityVersion = "Xcode 14.0";
			developmentRegion = en;
			hasScannedForEncodings = 0;
			knownRegions = (
				en,
				Base,
			);
			mainGroup = E860ACD52C3EFBE5007E65DE;
			productRefGroup = E860ACDF2C3EFBE5007E65DE /* Products */;
			projectDirPath = "";
			projectRoot = "";
			targets = (
				E860ACDD2C3EFBE5007E65DE /* Persephone */,
				E860ACEF2C3EFBE9007E65DE /* PersephoneTests */,
				E860ACF92C3EFBE9007E65DE /* PersephoneUITests */,
			);
		};
/* End PBXProject section */

/* Begin PBXResourcesBuildPhase section */
		E860ACDC2C3EFBE5007E65DE /* Resources */ = {
			isa = PBXResourcesBuildPhase;
			buildActionMask = 2147483647;
			files = (
				E89A870F2FAE86CD002CDEBB /* AppIcon.icon in Resources */,
				E860ACEB2C3EFBE8007E65DE /* Preview Assets.xcassets in Resources */,
				E860ACE82C3EFBE8007E65DE /* Assets.xcassets in Resources */,
			);
			runOnlyForDeploymentPostprocessing = 0;
		};
		E860ACEE2C3EFBE9007E65DE /* Resources */ = {
			isa = PBXResourcesBuildPhase;
			buildActionMask = 2147483647;
			files = (
			);
			runOnlyForDeploymentPostprocessing = 0;
		};
		E860ACF82C3EFBE9007E65DE /* Resources */ = {
			isa = PBXResourcesBuildPhase;
			buildActionMask = 2147483647;
			files = (
			);
			runOnlyForDeploymentPostprocessing = 0;
		};
/* End PBXResourcesBuildPhase section */

/* Begin PBXSourcesBuildPhase section */
		E860ACDA2C3EFBE5007E65DE /* Sources */ = {
			isa = PBXSourcesBuildPhase;
			buildActionMask = 2147483647;
			files = (
				E8E9AE432D41EC4B00B2A193 /* LogEntryItem.swift in Sources */,
				E82CFBDA2C3F078D0055C6B2 /* MainView.swift in Sources */,
				E8E883232FAEAD4200E07B28 /* AddFoodInstanceView.swift in Sources */,
				E8C61F252F9C2257000EA054 /* MealsView.swift in Sources */,
				E8C61F272F9C29C8000EA054 /* MealView.swift in Sources */,
				E8C61F2B2F9C408F000EA054 /* MealEditView.swift in Sources */,
				E89A87132FAEA187002CDEBB /* FoodInstance.swift in Sources */,
				E8E7024B2D33F6CF00FB7013 /* CurrencyField.swift in Sources */,
				E885CC802D3EAC5D0041364D /* RecipeEntryView.swift in Sources */,
				E8CFEC592E521140002B6268 /* Meal.swift in Sources */,
				E80E2C462C400B0800D35BE7 /* Schema.swift in Sources */,
				E8E9AE452D41F1C500B2A193 /* LogEntryEditView.swift in Sources */,
				E8EB88242D3C265F00861685 /* ScaledAmountField.swift in Sources */,
				E8EB88172D3B708700861685 /* LogFoodItemEntryPreview.swift in Sources */,
				E885CC782D3E9E810041364D /* RecipeEntryEditView.swift in Sources */,
				E8E9AE392D4121C800B2A193 /* LogEntry.swift in Sources */,
				E8828EE72C5169E2006C7CB3 /* OpenFoodFactsEndpoint.swift in Sources */,
				E8E702562D3408D200FB7013 /* NutrientPieChart.swift in Sources */,
				E8C61F312F9C50BD000EA054 /* SelectMealSheet.swift in Sources */,
				E80E2B542FAC41CB006FAC4A /* LogEntryListView.swift in Sources */,
				E8828EE32C50F78D006C7CB3 /* FoodDatabaseEndpoint.swift in Sources */,
				E8743BA52C5344D000E1B871 /* NutrientsView.swift in Sources */,
				E8828EE52C50F85B006C7CB3 /* FoodDataCentralEndpoint.swift in Sources */,
				E8A5F5142D3EC7AD00377624 /* RecipeEntryIngredientSheet.swift in Sources */,
				E885CC7E2D3EA8AE0041364D /* RecipeEntryItem.swift in Sources */,
				E89A87032FAD20C8002CDEBB /* AddLogEntryView.swift in Sources */,
				E8EB88122D3B670C00861685 /* FoodLogEntry.swift in Sources */,
				E80E2B512FABD124006FAC4A /* MiniNutrientPieChart.swift in Sources */,
				E8E9AE352D3F5C8100B2A193 /* RecipeLogEntry.swift in Sources */,
				E8C61F2D2F9C412C000EA054 /* MealEditItem.swift in Sources */,
				E8E9AE3F2D41299F00B2A193 /* SelectRecipeEntrySheet.swift in Sources */,
				E8EB88092D3B1E7B00861685 /* Food.swift in Sources */,
				E8EB88222D3C1CFC00861685 /* SelectFoodSheet.swift in Sources */,
				E8C61F2F2F9C4359000EA054 /* MealItemSheet.swift in Sources */,
				E867E6682D343FDD001917C0 /* ModelUtilities.swift in Sources */,
				E8EB880D2D3B479B00861685 /* FoodView.swift in Sources */,
				E8EB882B2D3D553D00861685 /* StoreEntryEditSheet.swift in Sources */,
				E8AD4B692D35FEA300C1B30A /* Colors.swift in Sources */,
				E8D33C472D3A831800EE8555 /* Amount.swift in Sources */,
				E8D33C4D2D3A971D00EE8555 /* RatingTier.swift in Sources */,
				E867E6662D343B05001917C0 /* LogbookPieChart.swift in Sources */,
				E89A87072FAD9323002CDEBB /* MacroBarChart.swift in Sources */,
				E8EB88062D3B15EC00861685 /* FoodDatabaseView.swift in Sources */,
				E885CC752D3E904B0041364D /* RecipeEntry.swift in Sources */,
				E8E7024D2D33F9CD00FB7013 /* NavigationStore.swift in Sources */,
				E8EB88282D3D306C00861685 /* FoodItem.swift in Sources */,
				E89A87162FAEA44E002CDEBB /* InventoryView.swift in Sources */,
				E860ACE22C3EFBE5007E65DE /* PersephoneApp.swift in Sources */,
				E80E2C512C41C23200D35BE7 /* ScannerView.swift in Sources */,
				E8EB882D2D3D55BF00861685 /* FoodPreview.swift in Sources */,
				E89D08C72C7CFFDF005AE1EF /* FoodDatabaseDocument.swift in Sources */,
				E8A5F5162D3EDD6C00377624 /* RecipeEntryPreview.swift in Sources */,
				E8743BA32C52DC6300E1B871 /* NutrientsEditSheet.swift in Sources */,
				E8E702582D340C1200FB7013 /* MockDataPreviewModifier.swift in Sources */,
				E89A870D2FAE2672002CDEBB /* MacroData.swift in Sources */,
				E8EB881F2D3C103800861685 /* AmountField.swift in Sources */,
				E8EB88262D3D303500861685 /* FoodEditView.swift in Sources */,
				E8EB881D2D3C0A2100861685 /* OptionalCurrencyField.swift in Sources */,
				E8E7024F2D33FBA000FB7013 /* MainUtilities.swift in Sources */,
				E8D33C4F2D3AA2A700EE8555 /* Currency.swift in Sources */,
				E80E2B4E2FABC2B5006FAC4A /* LogWeekView.swift in Sources */,
				E8D33C4B2D3A8EDD00EE8555 /* Units.swift in Sources */,
				E885CC7C2D3E9F230041364D /* CookbookView.swift in Sources */,
				E8E9AE372D3FDD1B00B2A193 /* OptionalDatePicker.swift in Sources */,
				E80E2B562FACE86B006FAC4A /* SaveLogEntryAmountSheet.swift in Sources */,
				E8828ED52C4F5871006C7CB3 /* Nutrients.swift in Sources */,
				E8743B9D2C51FB0E00E1B871 /* SheetCoordinator.swift in Sources */,
			);
			runOnlyForDeploymentPostprocessing = 0;
		};
		E860ACEC2C3EFBE9007E65DE /* Sources */ = {
			isa = PBXSourcesBuildPhase;
			buildActionMask = 2147483647;
			files = (
				E860ACF52C3EFBE9007E65DE /* PersephoneTests.swift in Sources */,
			);
			runOnlyForDeploymentPostprocessing = 0;
		};
		E860ACF62C3EFBE9007E65DE /* Sources */ = {
			isa = PBXSourcesBuildPhase;
			buildActionMask = 2147483647;
			files = (
				E860ACFF2C3EFBE9007E65DE /* PersephoneUITests.swift in Sources */,
				E860AD012C3EFBE9007E65DE /* PersephoneUITestsLaunchTests.swift in Sources */,
			);
			runOnlyForDeploymentPostprocessing = 0;
		};
/* End PBXSourcesBuildPhase section */

/* Begin PBXTargetDependency section */
		E860ACF22C3EFBE9007E65DE /* PBXTargetDependency */ = {
			isa = PBXTargetDependency;
			target = E860ACDD2C3EFBE5007E65DE /* Persephone */;
			targetProxy = E860ACF12C3EFBE9007E65DE /* PBXContainerItemProxy */;
		};
		E860ACFC2C3EFBE9007E65DE /* PBXTargetDependency */ = {
			isa = PBXTargetDependency;
			target = E860ACDD2C3EFBE5007E65DE /* Persephone */;
			targetProxy = E860ACFB2C3EFBE9007E65DE /* PBXContainerItemProxy */;
		};
/* End PBXTargetDependency section */

/* Begin XCBuildConfiguration section */
		E860AD022C3EFBE9007E65DE /* Debug */ = {
			isa = XCBuildConfiguration;
			buildSettings = {
				ALWAYS_SEARCH_USER_PATHS = NO;
				ASSETCATALOG_COMPILER_GENERATE_SWIFT_ASSET_SYMBOL_EXTENSIONS = YES;
				CLANG_ANALYZER_NONNULL = YES;
				CLANG_ANALYZER_NUMBER_OBJECT_CONVERSION = YES_AGGRESSIVE;
				CLANG_CXX_LANGUAGE_STANDARD = "gnu++20";
				CLANG_ENABLE_MODULES = YES;
				CLANG_ENABLE_OBJC_ARC = YES;
				CLANG_ENABLE_OBJC_WEAK = YES;
				CLANG_WARN_BLOCK_CAPTURE_AUTORELEASING = YES;
				CLANG_WARN_BOOL_CONVERSION = YES;
				CLANG_WARN_COMMA = YES;
				CLANG_WARN_CONSTANT_CONVERSION = YES;
				CLANG_WARN_DEPRECATED_OBJC_IMPLEMENTATIONS = YES;
				CLANG_WARN_DIRECT_OBJC_ISA_USAGE = YES_ERROR;
				CLANG_WARN_DOCUMENTATION_COMMENTS = YES;
				CLANG_WARN_EMPTY_BODY = YES;
				CLANG_WARN_ENUM_CONVERSION = YES;
				CLANG_WARN_INFINITE_RECURSION = YES;
				CLANG_WARN_INT_CONVERSION = YES;
				CLANG_WARN_NON_LITERAL_NULL_CONVERSION = YES;
				CLANG_WARN_OBJC_IMPLICIT_RETAIN_SELF = YES;
				CLANG_WARN_OBJC_LITERAL_CONVERSION = YES;
				CLANG_WARN_OBJC_ROOT_CLASS = YES_ERROR;
				CLANG_WARN_QUOTED_INCLUDE_IN_FRAMEWORK_HEADER = YES;
				CLANG_WARN_RANGE_LOOP_ANALYSIS = YES;
				CLANG_WARN_STRICT_PROTOTYPES = YES;
				CLANG_WARN_SUSPICIOUS_MOVE = YES;
				CLANG_WARN_UNGUARDED_AVAILABILITY = YES_AGGRESSIVE;
				CLANG_WARN_UNREACHABLE_CODE = YES;
				CLANG_WARN__DUPLICATE_METHOD_MATCH = YES;
				COPY_PHASE_STRIP = NO;
				DEBUG_INFORMATION_FORMAT = dwarf;
				DEVELOPMENT_TEAM = FU2B76F7PF;
				ENABLE_STRICT_OBJC_MSGSEND = YES;
				ENABLE_TESTABILITY = YES;
				ENABLE_USER_SCRIPT_SANDBOXING = YES;
				GCC_C_LANGUAGE_STANDARD = gnu17;
				GCC_DYNAMIC_NO_PIC = NO;
				GCC_NO_COMMON_BLOCKS = YES;
				GCC_OPTIMIZATION_LEVEL = 0;
				GCC_PREPROCESSOR_DEFINITIONS = (
					"DEBUG=1",
					"$(inherited)",
				);
				GCC_WARN_64_TO_32_BIT_CONVERSION = YES;
				GCC_WARN_ABOUT_RETURN_TYPE = YES_ERROR;
				GCC_WARN_UNDECLARED_SELECTOR = YES;
				GCC_WARN_UNINITIALIZED_AUTOS = YES_AGGRESSIVE;
				GCC_WARN_UNUSED_FUNCTION = YES;
				GCC_WARN_UNUSED_VARIABLE = YES;
				IPHONEOS_DEPLOYMENT_TARGET = 17.5;
				LOCALIZATION_PREFERS_STRING_CATALOGS = YES;
				MTL_ENABLE_DEBUG_INFO = INCLUDE_SOURCE;
				MTL_FAST_MATH = YES;
				ONLY_ACTIVE_ARCH = YES;
				SDKROOT = iphoneos;
				STRING_CATALOG_GENERATE_SYMBOLS = YES;
				SWIFT_ACTIVE_COMPILATION_CONDITIONS = "DEBUG $(inherited)";
				SWIFT_OPTIMIZATION_LEVEL = "-Onone";
			};
			name = Debug;
		};
		E860AD032C3EFBE9007E65DE /* Release */ = {
			isa = XCBuildConfiguration;
			buildSettings = {
				ALWAYS_SEARCH_USER_PATHS = NO;
				ASSETCATALOG_COMPILER_GENERATE_SWIFT_ASSET_SYMBOL_EXTENSIONS = YES;
				CLANG_ANALYZER_NONNULL = YES;
				CLANG_ANALYZER_NUMBER_OBJECT_CONVERSION = YES_AGGRESSIVE;
				CLANG_CXX_LANGUAGE_STANDARD = "gnu++20";
				CLANG_ENABLE_MODULES = YES;
				CLANG_ENABLE_OBJC_ARC = YES;
				CLANG_ENABLE_OBJC_WEAK = YES;
				CLANG_WARN_BLOCK_CAPTURE_AUTORELEASING = YES;
				CLANG_WARN_BOOL_CONVERSION = YES;
				CLANG_WARN_COMMA = YES;
				CLANG_WARN_CONSTANT_CONVERSION = YES;
				CLANG_WARN_DEPRECATED_OBJC_IMPLEMENTATIONS = YES;
				CLANG_WARN_DIRECT_OBJC_ISA_USAGE = YES_ERROR;
				CLANG_WARN_DOCUMENTATION_COMMENTS = YES;
				CLANG_WARN_EMPTY_BODY = YES;
				CLANG_WARN_ENUM_CONVERSION = YES;
				CLANG_WARN_INFINITE_RECURSION = YES;
				CLANG_WARN_INT_CONVERSION = YES;
				CLANG_WARN_NON_LITERAL_NULL_CONVERSION = YES;
				CLANG_WARN_OBJC_IMPLICIT_RETAIN_SELF = YES;
				CLANG_WARN_OBJC_LITERAL_CONVERSION = YES;
				CLANG_WARN_OBJC_ROOT_CLASS = YES_ERROR;
				CLANG_WARN_QUOTED_INCLUDE_IN_FRAMEWORK_HEADER = YES;
				CLANG_WARN_RANGE_LOOP_ANALYSIS = YES;
				CLANG_WARN_STRICT_PROTOTYPES = YES;
				CLANG_WARN_SUSPICIOUS_MOVE = YES;
				CLANG_WARN_UNGUARDED_AVAILABILITY = YES_AGGRESSIVE;
				CLANG_WARN_UNREACHABLE_CODE = YES;
				CLANG_WARN__DUPLICATE_METHOD_MATCH = YES;
				COPY_PHASE_STRIP = NO;
				DEBUG_INFORMATION_FORMAT = "dwarf-with-dsym";
				DEVELOPMENT_TEAM = FU2B76F7PF;
				ENABLE_NS_ASSERTIONS = NO;
				ENABLE_STRICT_OBJC_MSGSEND = YES;
				ENABLE_USER_SCRIPT_SANDBOXING = YES;
				GCC_C_LANGUAGE_STANDARD = gnu17;
				GCC_NO_COMMON_BLOCKS = YES;
				GCC_WARN_64_TO_32_BIT_CONVERSION = YES;
				GCC_WARN_ABOUT_RETURN_TYPE = YES_ERROR;
				GCC_WARN_UNDECLARED_SELECTOR = YES;
				GCC_WARN_UNINITIALIZED_AUTOS = YES_AGGRESSIVE;
				GCC_WARN_UNUSED_FUNCTION = YES;
				GCC_WARN_UNUSED_VARIABLE = YES;
				IPHONEOS_DEPLOYMENT_TARGET = 17.5;
				LOCALIZATION_PREFERS_STRING_CATALOGS = YES;
				MTL_ENABLE_DEBUG_INFO = NO;
				MTL_FAST_MATH = YES;
				SDKROOT = iphoneos;
				STRING_CATALOG_GENERATE_SYMBOLS = YES;
				SWIFT_COMPILATION_MODE = wholemodule;
				VALIDATE_PRODUCT = YES;
			};
			name = Release;
		};
		E860AD052C3EFBE9007E65DE /* Debug */ = {
			isa = XCBuildConfiguration;
			buildSettings = {
				ASSETCATALOG_COMPILER_APPICON_NAME = AppIcon;
				ASSETCATALOG_COMPILER_GLOBAL_ACCENT_COLOR_NAME = AccentColor;
				CODE_SIGN_ENTITLEMENTS = Persephone/Persephone.entitlements;
				CODE_SIGN_STYLE = Automatic;
				CURRENT_PROJECT_VERSION = 1;
				DEVELOPMENT_ASSET_PATHS = "\"Persephone/Preview Content\"";
				ENABLE_PREVIEWS = YES;
				GENERATE_INFOPLIST_FILE = YES;
				INFOPLIST_FILE = Persephone/Info.plist;
				INFOPLIST_KEY_CFBundleDisplayName = Persephone;
				INFOPLIST_KEY_LSApplicationCategoryType = "public.app-category.food-and-drink";
				INFOPLIST_KEY_NSCameraUsageDescription = "Used to scan barcodes of items.";
				INFOPLIST_KEY_UIApplicationSceneManifest_Generation = YES;
				INFOPLIST_KEY_UIApplicationSupportsIndirectInputEvents = YES;
				INFOPLIST_KEY_UILaunchScreen_Generation = YES;
				INFOPLIST_KEY_UIStatusBarStyle = "";
				INFOPLIST_KEY_UISupportedInterfaceOrientations = UIInterfaceOrientationPortrait;
				INFOPLIST_KEY_UISupportedInterfaceOrientations_iPad = "UIInterfaceOrientationLandscapeLeft UIInterfaceOrientationLandscapeRight UIInterfaceOrientationPortrait UIInterfaceOrientationPortraitUpsideDown";
				IPHONEOS_DEPLOYMENT_TARGET = 26.0;
				LD_RUNPATH_SEARCH_PATHS = (
					"$(inherited)",
					"@executable_path/Frameworks",
				);
				MARKETING_VERSION = 0.2.0;
				PRODUCT_BUNDLE_IDENTIFIER = com.wassynger.Persephone;
				PRODUCT_NAME = "$(TARGET_NAME)";
				SWIFT_EMIT_LOC_STRINGS = YES;
				SWIFT_VERSION = 6.0;
				TARGETED_DEVICE_FAMILY = "1,2";
			};
			name = Debug;
		};
		E860AD062C3EFBE9007E65DE /* Release */ = {
			isa = XCBuildConfiguration;
			buildSettings = {
				ASSETCATALOG_COMPILER_APPICON_NAME = AppIcon;
				ASSETCATALOG_COMPILER_GLOBAL_ACCENT_COLOR_NAME = AccentColor;
				CODE_SIGN_ENTITLEMENTS = Persephone/Persephone.entitlements;
				CODE_SIGN_STYLE = Automatic;
				CURRENT_PROJECT_VERSION = 1;
				DEVELOPMENT_ASSET_PATHS = "\"Persephone/Preview Content\"";
				ENABLE_PREVIEWS = YES;
				GENERATE_INFOPLIST_FILE = YES;
				INFOPLIST_FILE = Persephone/Info.plist;
				INFOPLIST_KEY_CFBundleDisplayName = Persephone;
				INFOPLIST_KEY_LSApplicationCategoryType = "public.app-category.food-and-drink";
				INFOPLIST_KEY_NSCameraUsageDescription = "Used to scan barcodes of items.";
				INFOPLIST_KEY_UIApplicationSceneManifest_Generation = YES;
				INFOPLIST_KEY_UIApplicationSupportsIndirectInputEvents = YES;
				INFOPLIST_KEY_UILaunchScreen_Generation = YES;
				INFOPLIST_KEY_UIStatusBarStyle = "";
				INFOPLIST_KEY_UISupportedInterfaceOrientations = UIInterfaceOrientationPortrait;
				INFOPLIST_KEY_UISupportedInterfaceOrientations_iPad = "UIInterfaceOrientationLandscapeLeft UIInterfaceOrientationLandscapeRight UIInterfaceOrientationPortrait UIInterfaceOrientationPortraitUpsideDown";
				IPHONEOS_DEPLOYMENT_TARGET = 26.0;
				LD_RUNPATH_SEARCH_PATHS = (
					"$(inherited)",
					"@executable_path/Frameworks",
				);
				MARKETING_VERSION = 0.2.0;
				PRODUCT_BUNDLE_IDENTIFIER = com.wassynger.Persephone;
				PRODUCT_NAME = "$(TARGET_NAME)";
				SWIFT_EMIT_LOC_STRINGS = YES;
				SWIFT_VERSION = 6.0;
				TARGETED_DEVICE_FAMILY = "1,2";
			};
			name = Release;
		};
		E860AD082C3EFBE9007E65DE /* Debug */ = {
			isa = XCBuildConfiguration;
			buildSettings = {
				BUNDLE_LOADER = "$(TEST_HOST)";
				CODE_SIGN_STYLE = Automatic;
				CURRENT_PROJECT_VERSION = 1;
				GENERATE_INFOPLIST_FILE = YES;
				IPHONEOS_DEPLOYMENT_TARGET = 26.0;
				MARKETING_VERSION = 1.0;
				PRODUCT_BUNDLE_IDENTIFIER = com.wassynger.PersephoneTests;
				PRODUCT_NAME = "$(TARGET_NAME)";
				SWIFT_EMIT_LOC_STRINGS = NO;
				SWIFT_VERSION = 6.0;
				TARGETED_DEVICE_FAMILY = "1,2";
				TEST_HOST = "$(BUILT_PRODUCTS_DIR)/Persephone.app/$(BUNDLE_EXECUTABLE_FOLDER_PATH)/Persephone";
			};
			name = Debug;
		};
		E860AD092C3EFBE9007E65DE /* Release */ = {
			isa = XCBuildConfiguration;
			buildSettings = {
				BUNDLE_LOADER = "$(TEST_HOST)";
				CODE_SIGN_STYLE = Automatic;
				CURRENT_PROJECT_VERSION = 1;
				GENERATE_INFOPLIST_FILE = YES;
				IPHONEOS_DEPLOYMENT_TARGET = 26.0;
				MARKETING_VERSION = 1.0;
				PRODUCT_BUNDLE_IDENTIFIER = com.wassynger.PersephoneTests;
				PRODUCT_NAME = "$(TARGET_NAME)";
				SWIFT_EMIT_LOC_STRINGS = NO;
				SWIFT_VERSION = 6.0;
				TARGETED_DEVICE_FAMILY = "1,2";
				TEST_HOST = "$(BUILT_PRODUCTS_DIR)/Persephone.app/$(BUNDLE_EXECUTABLE_FOLDER_PATH)/Persephone";
			};
			name = Release;
		};
		E860AD0B2C3EFBE9007E65DE /* Debug */ = {
			isa = XCBuildConfiguration;
			buildSettings = {
				CODE_SIGN_STYLE = Automatic;
				CURRENT_PROJECT_VERSION = 1;
				GENERATE_INFOPLIST_FILE = YES;
				MARKETING_VERSION = 1.0;
				PRODUCT_BUNDLE_IDENTIFIER = com.wassynger.PersephoneUITests;
				PRODUCT_NAME = "$(TARGET_NAME)";
				SWIFT_EMIT_LOC_STRINGS = NO;
				SWIFT_VERSION = 6.0;
				TARGETED_DEVICE_FAMILY = "1,2";
				TEST_TARGET_NAME = Persephone;
			};
			name = Debug;
		};
		E860AD0C2C3EFBE9007E65DE /* Release */ = {
			isa = XCBuildConfiguration;
			buildSettings = {
				CODE_SIGN_STYLE = Automatic;
				CURRENT_PROJECT_VERSION = 1;
				GENERATE_INFOPLIST_FILE = YES;
				MARKETING_VERSION = 1.0;
				PRODUCT_BUNDLE_IDENTIFIER = com.wassynger.PersephoneUITests;
				PRODUCT_NAME = "$(TARGET_NAME)";
				SWIFT_EMIT_LOC_STRINGS = NO;
				SWIFT_VERSION = 6.0;
				TARGETED_DEVICE_FAMILY = "1,2";
				TEST_TARGET_NAME = Persephone;
			};
			name = Release;
		};
/* End XCBuildConfiguration section */

/* Begin XCConfigurationList section */
		E860ACD92C3EFBE5007E65DE /* Build configuration list for PBXProject "Persephone" */ = {
			isa = XCConfigurationList;
			buildConfigurations = (
				E860AD022C3EFBE9007E65DE /* Debug */,
				E860AD032C3EFBE9007E65DE /* Release */,
			);
			defaultConfigurationIsVisible = 0;
			defaultConfigurationName = Release;
		};
		E860AD042C3EFBE9007E65DE /* Build configuration list for PBXNativeTarget "Persephone" */ = {
			isa = XCConfigurationList;
			buildConfigurations = (
				E860AD052C3EFBE9007E65DE /* Debug */,
				E860AD062C3EFBE9007E65DE /* Release */,
			);
			defaultConfigurationIsVisible = 0;
			defaultConfigurationName = Release;
		};
		E860AD072C3EFBE9007E65DE /* Build configuration list for PBXNativeTarget "PersephoneTests" */ = {
			isa = XCConfigurationList;
			buildConfigurations = (
				E860AD082C3EFBE9007E65DE /* Debug */,
				E860AD092C3EFBE9007E65DE /* Release */,
			);
			defaultConfigurationIsVisible = 0;
			defaultConfigurationName = Release;
		};
		E860AD0A2C3EFBE9007E65DE /* Build configuration list for PBXNativeTarget "PersephoneUITests" */ = {
			isa = XCConfigurationList;
			buildConfigurations = (
				E860AD0B2C3EFBE9007E65DE /* Debug */,
				E860AD0C2C3EFBE9007E65DE /* Release */,
			);
			defaultConfigurationIsVisible = 0;
			defaultConfigurationName = Release;
		};
/* End XCConfigurationList section */
	};
	rootObject = E860ACD62C3EFBE5007E65DE /* Project object */;
}
